// !$*UTF8*$!
{
	archiveVersion = 1;
	classes = {
	};
	objectVersion = 46;
	objects = {

/* Begin PBXBuildFile section */
		276E75111F3B9A6F00D5A917 /* BREmotionEscape.m in Sources */ = {isa = PBXBuildFile; fileRef = 276E75101F3B9A6F00D5A917 /* BREmotionEscape.m */; };
		276E75141F3B9C5200D5A917 /* BRConvertToCommonEmoticonsHelper.m in Sources */ = {isa = PBXBuildFile; fileRef = 276E75131F3B9C5200D5A917 /* BRConvertToCommonEmoticonsHelper.m */; };
		276E75171F3B9FCF00D5A917 /* BREmoji.m in Sources */ = {isa = PBXBuildFile; fileRef = 276E75161F3B9FCF00D5A917 /* BREmoji.m */; };
		276E751A1F3BA02200D5A917 /* BREmojiEmoticons.m in Sources */ = {isa = PBXBuildFile; fileRef = 276E75191F3BA02200D5A917 /* BREmojiEmoticons.m */; };
		276E751D1F3BA60100D5A917 /* BRMessageViewController.m in Sources */ = {isa = PBXBuildFile; fileRef = 276E751C1F3BA60100D5A917 /* BRMessageViewController.m */; };
		276E751F1F3BB48D00D5A917 /* BRConversationCell.xib in Resources */ = {isa = PBXBuildFile; fileRef = 276E751E1F3BB48D00D5A917 /* BRConversationCell.xib */; };
		276E75221F3CD44C00D5A917 /* BRMessageModel.m in Sources */ = {isa = PBXBuildFile; fileRef = 276E75211F3CD44C00D5A917 /* BRMessageModel.m */; };
		276E75251F3CDA6B00D5A917 /* BRMessageCell.m in Sources */ = {isa = PBXBuildFile; fileRef = 276E75241F3CDA6B00D5A917 /* BRMessageCell.m */; };
		276E75281F3CDC3C00D5A917 /* BRBubbleView.m in Sources */ = {isa = PBXBuildFile; fileRef = 276E75271F3CDC3C00D5A917 /* BRBubbleView.m */; };
		276E752C1F3CDE2C00D5A917 /* BRBubbleView+Text.m in Sources */ = {isa = PBXBuildFile; fileRef = 276E752B1F3CDE2C00D5A917 /* BRBubbleView+Text.m */; };
		276E752F1F3CDF0500D5A917 /* BRBubbleView+Image.m in Sources */ = {isa = PBXBuildFile; fileRef = 276E752E1F3CDF0500D5A917 /* BRBubbleView+Image.m */; };
		276E75321F3CDF7D00D5A917 /* BRBubbleView+Location.m in Sources */ = {isa = PBXBuildFile; fileRef = 276E75311F3CDF7D00D5A917 /* BRBubbleView+Location.m */; };
		276E75351F3CE0B700D5A917 /* BRBubbleView+Voice.m in Sources */ = {isa = PBXBuildFile; fileRef = 276E75341F3CE0B700D5A917 /* BRBubbleView+Voice.m */; };
		276E75381F3CE12C00D5A917 /* BRBubbleView+Video.m in Sources */ = {isa = PBXBuildFile; fileRef = 276E75371F3CE12C00D5A917 /* BRBubbleView+Video.m */; };
		276E753B1F3CE1E300D5A917 /* BRBubbleView+File.m in Sources */ = {isa = PBXBuildFile; fileRef = 276E753A1F3CE1E300D5A917 /* BRBubbleView+File.m */; };
		276E753E1F3CE5D600D5A917 /* BRBaseMessageCell.m in Sources */ = {isa = PBXBuildFile; fileRef = 276E753D1F3CE5D600D5A917 /* BRBaseMessageCell.m */; };
		276E75411F3CED4F00D5A917 /* BRCustomMessageCell.m in Sources */ = {isa = PBXBuildFile; fileRef = 276E75401F3CED4F00D5A917 /* BRCustomMessageCell.m */; };
		276E75441F3CEE2F00D5A917 /* BRBubbleView+Gif.m in Sources */ = {isa = PBXBuildFile; fileRef = 276E75431F3CEE2F00D5A917 /* BRBubbleView+Gif.m */; };
		276E754C1F3D0C1500D5A917 /* BRChatToolbar.m in Sources */ = {isa = PBXBuildFile; fileRef = 276E754B1F3D0C1500D5A917 /* BRChatToolbar.m */; };
		276E754F1F3D0F5000D5A917 /* BREmotionManager.m in Sources */ = {isa = PBXBuildFile; fileRef = 276E754E1F3D0F5000D5A917 /* BREmotionManager.m */; };
		276E75521F3E05DA00D5A917 /* BRFacialView.m in Sources */ = {isa = PBXBuildFile; fileRef = 276E75511F3E05DA00D5A917 /* BRFacialView.m */; };
		276E75551F3E090D00D5A917 /* BRFaceView.m in Sources */ = {isa = PBXBuildFile; fileRef = 276E75541F3E090D00D5A917 /* BRFaceView.m */; };
		276E75581F3E22DB00D5A917 /* BRTextView.m in Sources */ = {isa = PBXBuildFile; fileRef = 276E75571F3E22DB00D5A917 /* BRTextView.m */; };
		276E755B1F3E253200D5A917 /* BRRecordView.m in Sources */ = {isa = PBXBuildFile; fileRef = 276E755A1F3E253200D5A917 /* BRRecordView.m */; };
		276E75621F3E282200D5A917 /* BRCDDeviceManagerBase.m in Sources */ = {isa = PBXBuildFile; fileRef = 276E75611F3E282200D5A917 /* BRCDDeviceManagerBase.m */; };
		276E75651F3E292A00D5A917 /* BRCDDeviceManager+Media.m in Sources */ = {isa = PBXBuildFile; fileRef = 276E75641F3E292A00D5A917 /* BRCDDeviceManager+Media.m */; };
		276E75681F3E2A2E00D5A917 /* BRAudioPlayerUtil.m in Sources */ = {isa = PBXBuildFile; fileRef = 276E75671F3E2A2E00D5A917 /* BRAudioPlayerUtil.m */; };
		276E756A1F3E2B0200D5A917 /* AVFoundation.framework in Frameworks */ = {isa = PBXBuildFile; fileRef = 276E75691F3E2B0200D5A917 /* AVFoundation.framework */; };
		276E756D1F3E2B8700D5A917 /* BRAudioRecorderUtil.m in Sources */ = {isa = PBXBuildFile; fileRef = 276E756C1F3E2B8700D5A917 /* BRAudioRecorderUtil.m */; };
		276E75701F3E2C4D00D5A917 /* BRVoiceConverter.mm in Sources */ = {isa = PBXBuildFile; fileRef = 276E756F1F3E2C4D00D5A917 /* BRVoiceConverter.mm */; };
		276E75781F3E2D7600D5A917 /* amrFileCodec.mm in Sources */ = {isa = PBXBuildFile; fileRef = 276E75721F3E2D7600D5A917 /* amrFileCodec.mm */; };
		276E75791F3E2D7600D5A917 /* wav.mm in Sources */ = {isa = PBXBuildFile; fileRef = 276E75771F3E2D7600D5A917 /* wav.mm */; };
		276E757D1F3E2EEF00D5A917 /* BRCDDeviceManager+Remind.m in Sources */ = {isa = PBXBuildFile; fileRef = 276E757C1F3E2EEF00D5A917 /* BRCDDeviceManager+Remind.m */; };
		276E757F1F3E2F1E00D5A917 /* AudioToolbox.framework in Frameworks */ = {isa = PBXBuildFile; fileRef = 276E757E1F3E2F1E00D5A917 /* AudioToolbox.framework */; };
		276E75821F3E2F7900D5A917 /* BRCDDeviceManager+Microphone.m in Sources */ = {isa = PBXBuildFile; fileRef = 276E75811F3E2F7900D5A917 /* BRCDDeviceManager+Microphone.m */; };
		276E75851F3E2FD600D5A917 /* BRCDDeviceManager+ProximitySensor.m in Sources */ = {isa = PBXBuildFile; fileRef = 276E75841F3E2FD600D5A917 /* BRCDDeviceManager+ProximitySensor.m */; };
		276E75881F3E307200D5A917 /* BRChatBarMoreView.m in Sources */ = {isa = PBXBuildFile; fileRef = 276E75871F3E307200D5A917 /* BRChatBarMoreView.m */; };
		276E758B1F3E321100D5A917 /* BRChatToolbarItem.m in Sources */ = {isa = PBXBuildFile; fileRef = 276E758A1F3E321100D5A917 /* BRChatToolbarItem.m */; };
		276E758E1F3E35BD00D5A917 /* BRSDKHelper.m in Sources */ = {isa = PBXBuildFile; fileRef = 276E758D1F3E35BD00D5A917 /* BRSDKHelper.m */; };
		276E75901F3E390100D5A917 /* UserNotifications.framework in Frameworks */ = {isa = PBXBuildFile; fileRef = 276E758F1F3E390100D5A917 /* UserNotifications.framework */; };
		276E75931F3E40FF00D5A917 /* BRLocationViewController.m in Sources */ = {isa = PBXBuildFile; fileRef = 276E75921F3E40FF00D5A917 /* BRLocationViewController.m */; };
		276E75971F3E5AA600D5A917 /* AVKit.framework in Frameworks */ = {isa = PBXBuildFile; fileRef = 276E75961F3E5AA600D5A917 /* AVKit.framework */; };
		276E759A1F3E5C8E00D5A917 /* BRMessageTimeCell.m in Sources */ = {isa = PBXBuildFile; fileRef = 276E75991F3E5C8E00D5A917 /* BRMessageTimeCell.m */; };
		276E759D1F3F4E5600D5A917 /* BRMessageReadManager.m in Sources */ = {isa = PBXBuildFile; fileRef = 276E759C1F3F4E5600D5A917 /* BRMessageReadManager.m */; };
		276E75A41F421A6900D5A917 /* libopencore-amrnb.a in Frameworks */ = {isa = PBXBuildFile; fileRef = 276E75A21F421A6900D5A917 /* libopencore-amrnb.a */; };
		276E75A51F421A6900D5A917 /* libopencore-amrwb.a in Frameworks */ = {isa = PBXBuildFile; fileRef = 276E75A31F421A6900D5A917 /* libopencore-amrwb.a */; };
		276E75A81F4227AD00D5A917 /* Common.m in Sources */ = {isa = PBXBuildFile; fileRef = 276E75A71F4227AD00D5A917 /* Common.m */; };
		276E75AD1F4365EA00D5A917 /* BRMediaBrowserViewController.m in Sources */ = {isa = PBXBuildFile; fileRef = 276E75AB1F4365EA00D5A917 /* BRMediaBrowserViewController.m */; };
		276E75B31F4379CD00D5A917 /* BRMedia.m in Sources */ = {isa = PBXBuildFile; fileRef = 276E75B21F4379CD00D5A917 /* BRMedia.m */; };
		276E75B71F43A44300D5A917 /* BRMediaCell.m in Sources */ = {isa = PBXBuildFile; fileRef = 276E75B51F43A44300D5A917 /* BRMediaCell.m */; };
		276E75D61F45F10C00D5A917 /* BRMediaBrowserViewController.xib in Resources */ = {isa = PBXBuildFile; fileRef = 276E75D51F45F10C00D5A917 /* BRMediaBrowserViewController.xib */; };
		27CA03B11F38F21600D0F132 /* main.m in Sources */ = {isa = PBXBuildFile; fileRef = 27CA03B01F38F21600D0F132 /* main.m */; };
		27CA03BC1F38F21600D0F132 /* Assets.xcassets in Resources */ = {isa = PBXBuildFile; fileRef = 27CA03BB1F38F21600D0F132 /* Assets.xcassets */; };
		27CA03CA1F38F21600D0F132 /* LinCTests.m in Sources */ = {isa = PBXBuildFile; fileRef = 27CA03C91F38F21600D0F132 /* LinCTests.m */; };
		27CA03D51F38F21600D0F132 /* LinCUITests.m in Sources */ = {isa = PBXBuildFile; fileRef = 27CA03D41F38F21600D0F132 /* LinCUITests.m */; };
		27E9A22E1F3B84F4001937A0 /* BRConversationListViewController.m in Sources */ = {isa = PBXBuildFile; fileRef = 27E9A2141F3B84F4001937A0 /* BRConversationListViewController.m */; };
		27E9A22F1F3B84F4001937A0 /* BRConversationModel.m in Sources */ = {isa = PBXBuildFile; fileRef = 27E9A2171F3B84F4001937A0 /* BRConversationModel.m */; };
		27E9A2301F3B84F4001937A0 /* BRAvatarView.m in Sources */ = {isa = PBXBuildFile; fileRef = 27E9A21A1F3B84F4001937A0 /* BRAvatarView.m */; };
		27E9A2311F3B84F4001937A0 /* BRConversationCell.m in Sources */ = {isa = PBXBuildFile; fileRef = 27E9A21C1F3B84F4001937A0 /* BRConversationCell.m */; };
		27E9A2321F3B84F4001937A0 /* NSDate+Category.m in Sources */ = {isa = PBXBuildFile; fileRef = 27E9A2201F3B84F4001937A0 /* NSDate+Category.m */; };
		27E9A2331F3B84F4001937A0 /* NSDateFormatter+Category.m in Sources */ = {isa = PBXBuildFile; fileRef = 27E9A2221F3B84F4001937A0 /* NSDateFormatter+Category.m */; };
		27E9A2341F3B84F4001937A0 /* NSString+Helper.m in Sources */ = {isa = PBXBuildFile; fileRef = 27E9A2241F3B84F4001937A0 /* NSString+Helper.m */; };
		27E9A2351F3B84F4001937A0 /* UIView+Extension.m in Sources */ = {isa = PBXBuildFile; fileRef = 27E9A2261F3B84F4001937A0 /* UIView+Extension.m */; };
		27E9A2361F3B84F4001937A0 /* BRNavigationController.m in Sources */ = {isa = PBXBuildFile; fileRef = 27E9A2291F3B84F4001937A0 /* BRNavigationController.m */; };
		27E9A2371F3B84F4001937A0 /* BRRefreshTableViewController.m in Sources */ = {isa = PBXBuildFile; fileRef = 27E9A22B1F3B84F4001937A0 /* BRRefreshTableViewController.m */; };
		27E9A2381F3B84F4001937A0 /* BRTabBarController.m in Sources */ = {isa = PBXBuildFile; fileRef = 27E9A22D1F3B84F4001937A0 /* BRTabBarController.m */; };
		27E9A23E1F3B8BE3001937A0 /* AppDelegate.m in Sources */ = {isa = PBXBuildFile; fileRef = 27E9A23D1F3B8BE3001937A0 /* AppDelegate.m */; };
		27E9A2421F3B8BFA001937A0 /* LaunchScreen.storyboard in Resources */ = {isa = PBXBuildFile; fileRef = 27E9A2401F3B8BFA001937A0 /* LaunchScreen.storyboard */; };
		27E9A2431F3B8BFA001937A0 /* Main.storyboard in Resources */ = {isa = PBXBuildFile; fileRef = 27E9A2411F3B8BFA001937A0 /* Main.storyboard */; };
		777EE2E01DE2D56D25A06FA2 /* libPods-LinC.a in Frameworks */ = {isa = PBXBuildFile; fileRef = 7644E4D020BABDE5A91405CF /* libPods-LinC.a */; };
		E90A1CDB1F42AA76001033CB /* BRContactListViewController.m in Sources */ = {isa = PBXBuildFile; fileRef = E90A1CCF1F42AA76001033CB /* BRContactListViewController.m */; };
		E90A1CDD1F42AA76001033CB /* BRContactListModel.m in Sources */ = {isa = PBXBuildFile; fileRef = E90A1CD31F42AA76001033CB /* BRContactListModel.m */; };
		E90A1CDE1F42AA76001033CB /* BRContactListTableViewCell.m in Sources */ = {isa = PBXBuildFile; fileRef = E90A1CD61F42AA76001033CB /* BRContactListTableViewCell.m */; };
		E90A1CDF1F42AA76001033CB /* BRContactListTableViewCell.xib in Resources */ = {isa = PBXBuildFile; fileRef = E90A1CD71F42AA76001033CB /* BRContactListTableViewCell.xib */; };
		E90A1CE01F42AA76001033CB /* BRFriendInfoViewController.m in Sources */ = {isa = PBXBuildFile; fileRef = E90A1CD91F42AA76001033CB /* BRFriendInfoViewController.m */; };
		E90A1CE11F42AA76001033CB /* BRFriendInfoViewController.xib in Resources */ = {isa = PBXBuildFile; fileRef = E90A1CDA1F42AA76001033CB /* BRFriendInfoViewController.xib */; };
		E90A1CF71F42AA85001033CB /* BRUserInfoViewController.m in Sources */ = {isa = PBXBuildFile; fileRef = E90A1CE41F42AA85001033CB /* BRUserInfoViewController.m */; };
		E90A1CF81F42AA85001033CB /* BRLocationListViewController.m in Sources */ = {isa = PBXBuildFile; fileRef = E90A1CE81F42AA85001033CB /* BRLocationListViewController.m */; };
		E90A1CF91F42AA85001033CB /* BRLocationListViewController.xib in Resources */ = {isa = PBXBuildFile; fileRef = E90A1CE91F42AA85001033CB /* BRLocationListViewController.xib */; };
		E90A1CFA1F42AA85001033CB /* BRUserGenderViewController.m in Sources */ = {isa = PBXBuildFile; fileRef = E90A1CEB1F42AA85001033CB /* BRUserGenderViewController.m */; };
		E90A1CFB1F42AA85001033CB /* BRUserGenderViewController.xib in Resources */ = {isa = PBXBuildFile; fileRef = E90A1CEC1F42AA85001033CB /* BRUserGenderViewController.xib */; };
		E90A1CFC1F42AA85001033CB /* BRUserImageViewController.m in Sources */ = {isa = PBXBuildFile; fileRef = E90A1CEE1F42AA85001033CB /* BRUserImageViewController.m */; };
		E90A1CFD1F42AA85001033CB /* BRUserImageViewController.xib in Resources */ = {isa = PBXBuildFile; fileRef = E90A1CEF1F42AA85001033CB /* BRUserImageViewController.xib */; };
		E90A1CFE1F42AA85001033CB /* BRUserInfoViewController.storyboard in Resources */ = {isa = PBXBuildFile; fileRef = E90A1CF01F42AA85001033CB /* BRUserInfoViewController.storyboard */; };
		E90A1CFF1F42AA85001033CB /* BRUserNameTextViewController.m in Sources */ = {isa = PBXBuildFile; fileRef = E90A1CF21F42AA85001033CB /* BRUserNameTextViewController.m */; };
		E90A1D001F42AA85001033CB /* BRUserNameTextViewController.xib in Resources */ = {isa = PBXBuildFile; fileRef = E90A1CF31F42AA85001033CB /* BRUserNameTextViewController.xib */; };
		E90A1D011F42AA85001033CB /* BRWhatsUpViewController.m in Sources */ = {isa = PBXBuildFile; fileRef = E90A1CF51F42AA85001033CB /* BRWhatsUpViewController.m */; };
		E90A1D021F42AA85001033CB /* BRWhatsUpViewController.xib in Resources */ = {isa = PBXBuildFile; fileRef = E90A1CF61F42AA85001033CB /* BRWhatsUpViewController.xib */; };
/* End PBXBuildFile section */

/* Begin PBXContainerItemProxy section */
		27CA03C61F38F21600D0F132 /* PBXContainerItemProxy */ = {
			isa = PBXContainerItemProxy;
			containerPortal = 27CA03A41F38F21600D0F132 /* Project object */;
			proxyType = 1;
			remoteGlobalIDString = 27CA03AB1F38F21600D0F132;
			remoteInfo = LinC;
		};
		27CA03D11F38F21600D0F132 /* PBXContainerItemProxy */ = {
			isa = PBXContainerItemProxy;
			containerPortal = 27CA03A41F38F21600D0F132 /* Project object */;
			proxyType = 1;
			remoteGlobalIDString = 27CA03AB1F38F21600D0F132;
			remoteInfo = LinC;
		};
/* End PBXContainerItemProxy section */

/* Begin PBXFileReference section */
		276E750F1F3B9A6F00D5A917 /* BREmotionEscape.h */ = {isa = PBXFileReference; fileEncoding = 4; lastKnownFileType = sourcecode.c.h; path = BREmotionEscape.h; sourceTree = "<group>"; };
		276E75101F3B9A6F00D5A917 /* BREmotionEscape.m */ = {isa = PBXFileReference; fileEncoding = 4; lastKnownFileType = sourcecode.c.objc; path = BREmotionEscape.m; sourceTree = "<group>"; };
		276E75121F3B9C5200D5A917 /* BRConvertToCommonEmoticonsHelper.h */ = {isa = PBXFileReference; fileEncoding = 4; lastKnownFileType = sourcecode.c.h; path = BRConvertToCommonEmoticonsHelper.h; sourceTree = "<group>"; };
		276E75131F3B9C5200D5A917 /* BRConvertToCommonEmoticonsHelper.m */ = {isa = PBXFileReference; fileEncoding = 4; lastKnownFileType = sourcecode.c.objc; path = BRConvertToCommonEmoticonsHelper.m; sourceTree = "<group>"; };
		276E75151F3B9FCF00D5A917 /* BREmoji.h */ = {isa = PBXFileReference; fileEncoding = 4; lastKnownFileType = sourcecode.c.h; path = BREmoji.h; sourceTree = "<group>"; };
		276E75161F3B9FCF00D5A917 /* BREmoji.m */ = {isa = PBXFileReference; fileEncoding = 4; lastKnownFileType = sourcecode.c.objc; path = BREmoji.m; sourceTree = "<group>"; };
		276E75181F3BA02200D5A917 /* BREmojiEmoticons.h */ = {isa = PBXFileReference; fileEncoding = 4; lastKnownFileType = sourcecode.c.h; path = BREmojiEmoticons.h; sourceTree = "<group>"; };
		276E75191F3BA02200D5A917 /* BREmojiEmoticons.m */ = {isa = PBXFileReference; fileEncoding = 4; lastKnownFileType = sourcecode.c.objc; path = BREmojiEmoticons.m; sourceTree = "<group>"; };
		276E751B1F3BA60100D5A917 /* BRMessageViewController.h */ = {isa = PBXFileReference; fileEncoding = 4; lastKnownFileType = sourcecode.c.h; path = BRMessageViewController.h; sourceTree = "<group>"; };
		276E751C1F3BA60100D5A917 /* BRMessageViewController.m */ = {isa = PBXFileReference; fileEncoding = 4; lastKnownFileType = sourcecode.c.objc; path = BRMessageViewController.m; sourceTree = "<group>"; };
		276E751E1F3BB48D00D5A917 /* BRConversationCell.xib */ = {isa = PBXFileReference; fileEncoding = 4; lastKnownFileType = file.xib; path = BRConversationCell.xib; sourceTree = "<group>"; };
		276E75201F3CD44C00D5A917 /* BRMessageModel.h */ = {isa = PBXFileReference; fileEncoding = 4; lastKnownFileType = sourcecode.c.h; path = BRMessageModel.h; sourceTree = "<group>"; };
		276E75211F3CD44C00D5A917 /* BRMessageModel.m */ = {isa = PBXFileReference; fileEncoding = 4; lastKnownFileType = sourcecode.c.objc; path = BRMessageModel.m; sourceTree = "<group>"; };
		276E75231F3CDA6B00D5A917 /* BRMessageCell.h */ = {isa = PBXFileReference; fileEncoding = 4; lastKnownFileType = sourcecode.c.h; path = BRMessageCell.h; sourceTree = "<group>"; };
		276E75241F3CDA6B00D5A917 /* BRMessageCell.m */ = {isa = PBXFileReference; fileEncoding = 4; lastKnownFileType = sourcecode.c.objc; path = BRMessageCell.m; sourceTree = "<group>"; };
		276E75261F3CDC3C00D5A917 /* BRBubbleView.h */ = {isa = PBXFileReference; fileEncoding = 4; lastKnownFileType = sourcecode.c.h; path = BRBubbleView.h; sourceTree = "<group>"; };
		276E75271F3CDC3C00D5A917 /* BRBubbleView.m */ = {isa = PBXFileReference; fileEncoding = 4; lastKnownFileType = sourcecode.c.objc; path = BRBubbleView.m; sourceTree = "<group>"; };
		276E752A1F3CDE2C00D5A917 /* BRBubbleView+Text.h */ = {isa = PBXFileReference; fileEncoding = 4; lastKnownFileType = sourcecode.c.h; path = "BRBubbleView+Text.h"; sourceTree = "<group>"; };
		276E752B1F3CDE2C00D5A917 /* BRBubbleView+Text.m */ = {isa = PBXFileReference; fileEncoding = 4; lastKnownFileType = sourcecode.c.objc; path = "BRBubbleView+Text.m"; sourceTree = "<group>"; };
		276E752D1F3CDF0500D5A917 /* BRBubbleView+Image.h */ = {isa = PBXFileReference; fileEncoding = 4; lastKnownFileType = sourcecode.c.h; path = "BRBubbleView+Image.h"; sourceTree = "<group>"; };
		276E752E1F3CDF0500D5A917 /* BRBubbleView+Image.m */ = {isa = PBXFileReference; fileEncoding = 4; lastKnownFileType = sourcecode.c.objc; path = "BRBubbleView+Image.m"; sourceTree = "<group>"; };
		276E75301F3CDF7D00D5A917 /* BRBubbleView+Location.h */ = {isa = PBXFileReference; fileEncoding = 4; lastKnownFileType = sourcecode.c.h; path = "BRBubbleView+Location.h"; sourceTree = "<group>"; };
		276E75311F3CDF7D00D5A917 /* BRBubbleView+Location.m */ = {isa = PBXFileReference; fileEncoding = 4; lastKnownFileType = sourcecode.c.objc; path = "BRBubbleView+Location.m"; sourceTree = "<group>"; };
		276E75331F3CE0B700D5A917 /* BRBubbleView+Voice.h */ = {isa = PBXFileReference; fileEncoding = 4; lastKnownFileType = sourcecode.c.h; path = "BRBubbleView+Voice.h"; sourceTree = "<group>"; };
		276E75341F3CE0B700D5A917 /* BRBubbleView+Voice.m */ = {isa = PBXFileReference; fileEncoding = 4; lastKnownFileType = sourcecode.c.objc; path = "BRBubbleView+Voice.m"; sourceTree = "<group>"; };
		276E75361F3CE12C00D5A917 /* BRBubbleView+Video.h */ = {isa = PBXFileReference; fileEncoding = 4; lastKnownFileType = sourcecode.c.h; path = "BRBubbleView+Video.h"; sourceTree = "<group>"; };
		276E75371F3CE12C00D5A917 /* BRBubbleView+Video.m */ = {isa = PBXFileReference; fileEncoding = 4; lastKnownFileType = sourcecode.c.objc; path = "BRBubbleView+Video.m"; sourceTree = "<group>"; };
		276E75391F3CE1E300D5A917 /* BRBubbleView+File.h */ = {isa = PBXFileReference; fileEncoding = 4; lastKnownFileType = sourcecode.c.h; path = "BRBubbleView+File.h"; sourceTree = "<group>"; };
		276E753A1F3CE1E300D5A917 /* BRBubbleView+File.m */ = {isa = PBXFileReference; fileEncoding = 4; lastKnownFileType = sourcecode.c.objc; path = "BRBubbleView+File.m"; sourceTree = "<group>"; };
		276E753C1F3CE5D600D5A917 /* BRBaseMessageCell.h */ = {isa = PBXFileReference; fileEncoding = 4; lastKnownFileType = sourcecode.c.h; path = BRBaseMessageCell.h; sourceTree = "<group>"; };
		276E753D1F3CE5D600D5A917 /* BRBaseMessageCell.m */ = {isa = PBXFileReference; fileEncoding = 4; lastKnownFileType = sourcecode.c.objc; path = BRBaseMessageCell.m; sourceTree = "<group>"; };
		276E753F1F3CED4F00D5A917 /* BRCustomMessageCell.h */ = {isa = PBXFileReference; fileEncoding = 4; lastKnownFileType = sourcecode.c.h; path = BRCustomMessageCell.h; sourceTree = "<group>"; };
		276E75401F3CED4F00D5A917 /* BRCustomMessageCell.m */ = {isa = PBXFileReference; fileEncoding = 4; lastKnownFileType = sourcecode.c.objc; path = BRCustomMessageCell.m; sourceTree = "<group>"; };
		276E75421F3CEE2F00D5A917 /* BRBubbleView+Gif.h */ = {isa = PBXFileReference; fileEncoding = 4; lastKnownFileType = sourcecode.c.h; path = "BRBubbleView+Gif.h"; sourceTree = "<group>"; };
		276E75431F3CEE2F00D5A917 /* BRBubbleView+Gif.m */ = {isa = PBXFileReference; fileEncoding = 4; lastKnownFileType = sourcecode.c.objc; path = "BRBubbleView+Gif.m"; sourceTree = "<group>"; };
		276E75451F3CF3C500D5A917 /* IModelChatCell.h */ = {isa = PBXFileReference; fileEncoding = 4; lastKnownFileType = sourcecode.c.h; path = IModelChatCell.h; sourceTree = "<group>"; };
		276E75461F3CF3E600D5A917 /* IMessageModel.h */ = {isa = PBXFileReference; fileEncoding = 4; lastKnownFileType = sourcecode.c.h; path = IMessageModel.h; sourceTree = "<group>"; };
		276E75471F3CF90B00D5A917 /* IConversationModel.h */ = {isa = PBXFileReference; fileEncoding = 4; lastKnownFileType = sourcecode.c.h; path = IConversationModel.h; sourceTree = "<group>"; };
		276E75491F3CFAB400D5A917 /* IModelCell.h */ = {isa = PBXFileReference; fileEncoding = 4; lastKnownFileType = sourcecode.c.h; path = IModelCell.h; sourceTree = "<group>"; };
		276E754A1F3D0C1500D5A917 /* BRChatToolbar.h */ = {isa = PBXFileReference; fileEncoding = 4; lastKnownFileType = sourcecode.c.h; path = BRChatToolbar.h; sourceTree = "<group>"; };
		276E754B1F3D0C1500D5A917 /* BRChatToolbar.m */ = {isa = PBXFileReference; fileEncoding = 4; lastKnownFileType = sourcecode.c.objc; path = BRChatToolbar.m; sourceTree = "<group>"; };
		276E754D1F3D0F5000D5A917 /* BREmotionManager.h */ = {isa = PBXFileReference; fileEncoding = 4; lastKnownFileType = sourcecode.c.h; path = BREmotionManager.h; sourceTree = "<group>"; };
		276E754E1F3D0F5000D5A917 /* BREmotionManager.m */ = {isa = PBXFileReference; fileEncoding = 4; lastKnownFileType = sourcecode.c.objc; path = BREmotionManager.m; sourceTree = "<group>"; };
		276E75501F3E05DA00D5A917 /* BRFacialView.h */ = {isa = PBXFileReference; fileEncoding = 4; lastKnownFileType = sourcecode.c.h; path = BRFacialView.h; sourceTree = "<group>"; };
		276E75511F3E05DA00D5A917 /* BRFacialView.m */ = {isa = PBXFileReference; fileEncoding = 4; lastKnownFileType = sourcecode.c.objc; path = BRFacialView.m; sourceTree = "<group>"; };
		276E75531F3E090D00D5A917 /* BRFaceView.h */ = {isa = PBXFileReference; fileEncoding = 4; lastKnownFileType = sourcecode.c.h; path = BRFaceView.h; sourceTree = "<group>"; };
		276E75541F3E090D00D5A917 /* BRFaceView.m */ = {isa = PBXFileReference; fileEncoding = 4; lastKnownFileType = sourcecode.c.objc; path = BRFaceView.m; sourceTree = "<group>"; };
		276E75561F3E22DB00D5A917 /* BRTextView.h */ = {isa = PBXFileReference; fileEncoding = 4; lastKnownFileType = sourcecode.c.h; path = BRTextView.h; sourceTree = "<group>"; };
		276E75571F3E22DB00D5A917 /* BRTextView.m */ = {isa = PBXFileReference; fileEncoding = 4; lastKnownFileType = sourcecode.c.objc; path = BRTextView.m; sourceTree = "<group>"; };
		276E75591F3E253200D5A917 /* BRRecordView.h */ = {isa = PBXFileReference; fileEncoding = 4; lastKnownFileType = sourcecode.c.h; path = BRRecordView.h; sourceTree = "<group>"; };
		276E755A1F3E253200D5A917 /* BRRecordView.m */ = {isa = PBXFileReference; fileEncoding = 4; lastKnownFileType = sourcecode.c.objc; path = BRRecordView.m; sourceTree = "<group>"; };
		276E755C1F3E269200D5A917 /* BRCDDeviceManager.h */ = {isa = PBXFileReference; fileEncoding = 4; lastKnownFileType = sourcecode.c.h; path = BRCDDeviceManager.h; sourceTree = "<group>"; };
		276E755D1F3E276C00D5A917 /* BRCDDeviceManagerProximitySensorDelegate.h */ = {isa = PBXFileReference; fileEncoding = 4; lastKnownFileType = sourcecode.c.h; path = BRCDDeviceManagerProximitySensorDelegate.h; sourceTree = "<group>"; };
		276E755F1F3E27CE00D5A917 /* BRCDDeviceManagerDelegate.h */ = {isa = PBXFileReference; fileEncoding = 4; lastKnownFileType = sourcecode.c.h; path = BRCDDeviceManagerDelegate.h; sourceTree = "<group>"; };
		276E75601F3E282200D5A917 /* BRCDDeviceManagerBase.h */ = {isa = PBXFileReference; fileEncoding = 4; lastKnownFileType = sourcecode.c.h; path = BRCDDeviceManagerBase.h; sourceTree = "<group>"; };
		276E75611F3E282200D5A917 /* BRCDDeviceManagerBase.m */ = {isa = PBXFileReference; fileEncoding = 4; lastKnownFileType = sourcecode.c.objc; path = BRCDDeviceManagerBase.m; sourceTree = "<group>"; };
		276E75631F3E292A00D5A917 /* BRCDDeviceManager+Media.h */ = {isa = PBXFileReference; fileEncoding = 4; lastKnownFileType = sourcecode.c.h; path = "BRCDDeviceManager+Media.h"; sourceTree = "<group>"; };
		276E75641F3E292A00D5A917 /* BRCDDeviceManager+Media.m */ = {isa = PBXFileReference; fileEncoding = 4; lastKnownFileType = sourcecode.c.objc; path = "BRCDDeviceManager+Media.m"; sourceTree = "<group>"; };
		276E75661F3E2A2E00D5A917 /* BRAudioPlayerUtil.h */ = {isa = PBXFileReference; fileEncoding = 4; lastKnownFileType = sourcecode.c.h; path = BRAudioPlayerUtil.h; sourceTree = "<group>"; };
		276E75671F3E2A2E00D5A917 /* BRAudioPlayerUtil.m */ = {isa = PBXFileReference; fileEncoding = 4; lastKnownFileType = sourcecode.c.objc; path = BRAudioPlayerUtil.m; sourceTree = "<group>"; };
		276E75691F3E2B0200D5A917 /* AVFoundation.framework */ = {isa = PBXFileReference; lastKnownFileType = wrapper.framework; name = AVFoundation.framework; path = System/Library/Frameworks/AVFoundation.framework; sourceTree = SDKROOT; };
		276E756B1F3E2B8700D5A917 /* BRAudioRecorderUtil.h */ = {isa = PBXFileReference; fileEncoding = 4; lastKnownFileType = sourcecode.c.h; path = BRAudioRecorderUtil.h; sourceTree = "<group>"; };
		276E756C1F3E2B8700D5A917 /* BRAudioRecorderUtil.m */ = {isa = PBXFileReference; fileEncoding = 4; lastKnownFileType = sourcecode.c.objc; path = BRAudioRecorderUtil.m; sourceTree = "<group>"; };
		276E756E1F3E2C4D00D5A917 /* BRVoiceConverter.h */ = {isa = PBXFileReference; fileEncoding = 4; lastKnownFileType = sourcecode.c.h; path = BRVoiceConverter.h; sourceTree = "<group>"; };
		276E756F1F3E2C4D00D5A917 /* BRVoiceConverter.mm */ = {isa = PBXFileReference; fileEncoding = 4; lastKnownFileType = sourcecode.cpp.objcpp; path = BRVoiceConverter.mm; sourceTree = "<group>"; };
		276E75711F3E2D7600D5A917 /* amrFileCodec.h */ = {isa = PBXFileReference; fileEncoding = 4; lastKnownFileType = sourcecode.c.h; path = amrFileCodec.h; sourceTree = "<group>"; };
		276E75721F3E2D7600D5A917 /* amrFileCodec.mm */ = {isa = PBXFileReference; fileEncoding = 4; lastKnownFileType = sourcecode.cpp.objcpp; path = amrFileCodec.mm; sourceTree = "<group>"; };
		276E75731F3E2D7600D5A917 /* dec_if.h */ = {isa = PBXFileReference; fileEncoding = 4; lastKnownFileType = sourcecode.c.h; path = dec_if.h; sourceTree = "<group>"; };
		276E75741F3E2D7600D5A917 /* interf_dec.h */ = {isa = PBXFileReference; fileEncoding = 4; lastKnownFileType = sourcecode.c.h; path = interf_dec.h; sourceTree = "<group>"; };
		276E75751F3E2D7600D5A917 /* interf_enc.h */ = {isa = PBXFileReference; fileEncoding = 4; lastKnownFileType = sourcecode.c.h; path = interf_enc.h; sourceTree = "<group>"; };
		276E75761F3E2D7600D5A917 /* wav.h */ = {isa = PBXFileReference; fileEncoding = 4; lastKnownFileType = sourcecode.c.h; path = wav.h; sourceTree = "<group>"; };
		276E75771F3E2D7600D5A917 /* wav.mm */ = {isa = PBXFileReference; fileEncoding = 4; lastKnownFileType = sourcecode.cpp.objcpp; path = wav.mm; sourceTree = "<group>"; };
		276E757A1F3E2DC900D5A917 /* DemoErrorCode.h */ = {isa = PBXFileReference; lastKnownFileType = sourcecode.c.h; path = DemoErrorCode.h; sourceTree = "<group>"; };
		276E757B1F3E2EEF00D5A917 /* BRCDDeviceManager+Remind.h */ = {isa = PBXFileReference; fileEncoding = 4; lastKnownFileType = sourcecode.c.h; path = "BRCDDeviceManager+Remind.h"; sourceTree = "<group>"; };
		276E757C1F3E2EEF00D5A917 /* BRCDDeviceManager+Remind.m */ = {isa = PBXFileReference; fileEncoding = 4; lastKnownFileType = sourcecode.c.objc; path = "BRCDDeviceManager+Remind.m"; sourceTree = "<group>"; };
		276E757E1F3E2F1E00D5A917 /* AudioToolbox.framework */ = {isa = PBXFileReference; lastKnownFileType = wrapper.framework; name = AudioToolbox.framework; path = System/Library/Frameworks/AudioToolbox.framework; sourceTree = SDKROOT; };
		276E75801F3E2F7900D5A917 /* BRCDDeviceManager+Microphone.h */ = {isa = PBXFileReference; fileEncoding = 4; lastKnownFileType = sourcecode.c.h; path = "BRCDDeviceManager+Microphone.h"; sourceTree = "<group>"; };
		276E75811F3E2F7900D5A917 /* BRCDDeviceManager+Microphone.m */ = {isa = PBXFileReference; fileEncoding = 4; lastKnownFileType = sourcecode.c.objc; path = "BRCDDeviceManager+Microphone.m"; sourceTree = "<group>"; };
		276E75831F3E2FD600D5A917 /* BRCDDeviceManager+ProximitySensor.h */ = {isa = PBXFileReference; fileEncoding = 4; lastKnownFileType = sourcecode.c.h; path = "BRCDDeviceManager+ProximitySensor.h"; sourceTree = "<group>"; };
		276E75841F3E2FD600D5A917 /* BRCDDeviceManager+ProximitySensor.m */ = {isa = PBXFileReference; fileEncoding = 4; lastKnownFileType = sourcecode.c.objc; path = "BRCDDeviceManager+ProximitySensor.m"; sourceTree = "<group>"; };
		276E75861F3E307200D5A917 /* BRChatBarMoreView.h */ = {isa = PBXFileReference; fileEncoding = 4; lastKnownFileType = sourcecode.c.h; path = BRChatBarMoreView.h; sourceTree = "<group>"; };
		276E75871F3E307200D5A917 /* BRChatBarMoreView.m */ = {isa = PBXFileReference; fileEncoding = 4; lastKnownFileType = sourcecode.c.objc; path = BRChatBarMoreView.m; sourceTree = "<group>"; };
		276E75891F3E321100D5A917 /* BRChatToolbarItem.h */ = {isa = PBXFileReference; fileEncoding = 4; lastKnownFileType = sourcecode.c.h; path = BRChatToolbarItem.h; sourceTree = "<group>"; };
		276E758A1F3E321100D5A917 /* BRChatToolbarItem.m */ = {isa = PBXFileReference; fileEncoding = 4; lastKnownFileType = sourcecode.c.objc; path = BRChatToolbarItem.m; sourceTree = "<group>"; };
		276E758C1F3E35BD00D5A917 /* BRSDKHelper.h */ = {isa = PBXFileReference; fileEncoding = 4; lastKnownFileType = sourcecode.c.h; path = BRSDKHelper.h; sourceTree = "<group>"; };
		276E758D1F3E35BD00D5A917 /* BRSDKHelper.m */ = {isa = PBXFileReference; fileEncoding = 4; lastKnownFileType = sourcecode.c.objc; path = BRSDKHelper.m; sourceTree = "<group>"; };
		276E758F1F3E390100D5A917 /* UserNotifications.framework */ = {isa = PBXFileReference; lastKnownFileType = wrapper.framework; name = UserNotifications.framework; path = System/Library/Frameworks/UserNotifications.framework; sourceTree = SDKROOT; };
		276E75911F3E40FF00D5A917 /* BRLocationViewController.h */ = {isa = PBXFileReference; fileEncoding = 4; lastKnownFileType = sourcecode.c.h; path = BRLocationViewController.h; sourceTree = "<group>"; };
		276E75921F3E40FF00D5A917 /* BRLocationViewController.m */ = {isa = PBXFileReference; fileEncoding = 4; lastKnownFileType = sourcecode.c.objc; path = BRLocationViewController.m; sourceTree = "<group>"; };
		276E75941F3E5A6100D5A917 /* MediaPlayer.framework */ = {isa = PBXFileReference; lastKnownFileType = wrapper.framework; name = MediaPlayer.framework; path = System/Library/Frameworks/MediaPlayer.framework; sourceTree = SDKROOT; };
		276E75961F3E5AA600D5A917 /* AVKit.framework */ = {isa = PBXFileReference; lastKnownFileType = wrapper.framework; name = AVKit.framework; path = System/Library/Frameworks/AVKit.framework; sourceTree = SDKROOT; };
		276E75981F3E5C8E00D5A917 /* BRMessageTimeCell.h */ = {isa = PBXFileReference; fileEncoding = 4; lastKnownFileType = sourcecode.c.h; path = BRMessageTimeCell.h; sourceTree = "<group>"; };
		276E75991F3E5C8E00D5A917 /* BRMessageTimeCell.m */ = {isa = PBXFileReference; fileEncoding = 4; lastKnownFileType = sourcecode.c.objc; path = BRMessageTimeCell.m; sourceTree = "<group>"; };
		276E759B1F3F4E5600D5A917 /* BRMessageReadManager.h */ = {isa = PBXFileReference; fileEncoding = 4; lastKnownFileType = sourcecode.c.h; path = BRMessageReadManager.h; sourceTree = "<group>"; };
		276E759C1F3F4E5600D5A917 /* BRMessageReadManager.m */ = {isa = PBXFileReference; fileEncoding = 4; lastKnownFileType = sourcecode.c.objc; path = BRMessageReadManager.m; sourceTree = "<group>"; };
		276E75A11F42057300D5A917 /* LinC.pch */ = {isa = PBXFileReference; fileEncoding = 4; lastKnownFileType = sourcecode.c.h; path = LinC.pch; sourceTree = "<group>"; };
		276E75A21F421A6900D5A917 /* libopencore-amrnb.a */ = {isa = PBXFileReference; lastKnownFileType = archive.ar; path = "libopencore-amrnb.a"; sourceTree = "<group>"; };
		276E75A31F421A6900D5A917 /* libopencore-amrwb.a */ = {isa = PBXFileReference; lastKnownFileType = archive.ar; path = "libopencore-amrwb.a"; sourceTree = "<group>"; };
		276E75A61F4227AD00D5A917 /* Common.h */ = {isa = PBXFileReference; fileEncoding = 4; lastKnownFileType = sourcecode.c.h; path = Common.h; sourceTree = "<group>"; };
		276E75A71F4227AD00D5A917 /* Common.m */ = {isa = PBXFileReference; fileEncoding = 4; lastKnownFileType = sourcecode.c.objc; path = Common.m; sourceTree = "<group>"; };
		276E75AA1F4365EA00D5A917 /* BRMediaBrowserViewController.h */ = {isa = PBXFileReference; fileEncoding = 4; lastKnownFileType = sourcecode.c.h; path = BRMediaBrowserViewController.h; sourceTree = "<group>"; };
		276E75AB1F4365EA00D5A917 /* BRMediaBrowserViewController.m */ = {isa = PBXFileReference; fileEncoding = 4; lastKnownFileType = sourcecode.c.objc; path = BRMediaBrowserViewController.m; sourceTree = "<group>"; };
		276E75B11F4379CD00D5A917 /* BRMedia.h */ = {isa = PBXFileReference; fileEncoding = 4; lastKnownFileType = sourcecode.c.h; path = BRMedia.h; sourceTree = "<group>"; };
		276E75B21F4379CD00D5A917 /* BRMedia.m */ = {isa = PBXFileReference; fileEncoding = 4; lastKnownFileType = sourcecode.c.objc; path = BRMedia.m; sourceTree = "<group>"; };
		276E75B41F43A44300D5A917 /* BRMediaCell.h */ = {isa = PBXFileReference; fileEncoding = 4; lastKnownFileType = sourcecode.c.h; path = BRMediaCell.h; sourceTree = "<group>"; };
		276E75B51F43A44300D5A917 /* BRMediaCell.m */ = {isa = PBXFileReference; fileEncoding = 4; lastKnownFileType = sourcecode.c.objc; path = BRMediaCell.m; sourceTree = "<group>"; };
		276E75D51F45F10C00D5A917 /* BRMediaBrowserViewController.xib */ = {isa = PBXFileReference; fileEncoding = 4; lastKnownFileType = file.xib; path = BRMediaBrowserViewController.xib; sourceTree = "<group>"; };
		27CA03AC1F38F21600D0F132 /* LinC.app */ = {isa = PBXFileReference; explicitFileType = wrapper.application; includeInIndex = 0; path = LinC.app; sourceTree = BUILT_PRODUCTS_DIR; };
		27CA03B01F38F21600D0F132 /* main.m */ = {isa = PBXFileReference; lastKnownFileType = sourcecode.c.objc; path = main.m; sourceTree = "<group>"; };
		27CA03BB1F38F21600D0F132 /* Assets.xcassets */ = {isa = PBXFileReference; lastKnownFileType = folder.assetcatalog; path = Assets.xcassets; sourceTree = "<group>"; };
		27CA03C01F38F21600D0F132 /* Info.plist */ = {isa = PBXFileReference; lastKnownFileType = text.plist.xml; path = Info.plist; sourceTree = "<group>"; };
		27CA03C51F38F21600D0F132 /* LinCTests.xctest */ = {isa = PBXFileReference; explicitFileType = wrapper.cfbundle; includeInIndex = 0; path = LinCTests.xctest; sourceTree = BUILT_PRODUCTS_DIR; };
		27CA03C91F38F21600D0F132 /* LinCTests.m */ = {isa = PBXFileReference; lastKnownFileType = sourcecode.c.objc; path = LinCTests.m; sourceTree = "<group>"; };
		27CA03CB1F38F21600D0F132 /* Info.plist */ = {isa = PBXFileReference; lastKnownFileType = text.plist.xml; path = Info.plist; sourceTree = "<group>"; };
		27CA03D01F38F21600D0F132 /* LinCUITests.xctest */ = {isa = PBXFileReference; explicitFileType = wrapper.cfbundle; includeInIndex = 0; path = LinCUITests.xctest; sourceTree = BUILT_PRODUCTS_DIR; };
		27CA03D41F38F21600D0F132 /* LinCUITests.m */ = {isa = PBXFileReference; lastKnownFileType = sourcecode.c.objc; path = LinCUITests.m; sourceTree = "<group>"; };
		27CA03D61F38F21600D0F132 /* Info.plist */ = {isa = PBXFileReference; lastKnownFileType = text.plist.xml; path = Info.plist; sourceTree = "<group>"; };
		27E9A2131F3B84F4001937A0 /* BRConversationListViewController.h */ = {isa = PBXFileReference; fileEncoding = 4; lastKnownFileType = sourcecode.c.h; path = BRConversationListViewController.h; sourceTree = "<group>"; };
		27E9A2141F3B84F4001937A0 /* BRConversationListViewController.m */ = {isa = PBXFileReference; fileEncoding = 4; lastKnownFileType = sourcecode.c.objc; path = BRConversationListViewController.m; sourceTree = "<group>"; };
		27E9A2161F3B84F4001937A0 /* BRConversationModel.h */ = {isa = PBXFileReference; fileEncoding = 4; lastKnownFileType = sourcecode.c.h; path = BRConversationModel.h; sourceTree = "<group>"; };
		27E9A2171F3B84F4001937A0 /* BRConversationModel.m */ = {isa = PBXFileReference; fileEncoding = 4; lastKnownFileType = sourcecode.c.objc; path = BRConversationModel.m; sourceTree = "<group>"; };
		27E9A2191F3B84F4001937A0 /* BRAvatarView.h */ = {isa = PBXFileReference; fileEncoding = 4; lastKnownFileType = sourcecode.c.h; path = BRAvatarView.h; sourceTree = "<group>"; };
		27E9A21A1F3B84F4001937A0 /* BRAvatarView.m */ = {isa = PBXFileReference; fileEncoding = 4; lastKnownFileType = sourcecode.c.objc; path = BRAvatarView.m; sourceTree = "<group>"; };
		27E9A21B1F3B84F4001937A0 /* BRConversationCell.h */ = {isa = PBXFileReference; fileEncoding = 4; lastKnownFileType = sourcecode.c.h; path = BRConversationCell.h; sourceTree = "<group>"; };
		27E9A21C1F3B84F4001937A0 /* BRConversationCell.m */ = {isa = PBXFileReference; fileEncoding = 4; lastKnownFileType = sourcecode.c.objc; path = BRConversationCell.m; sourceTree = "<group>"; };
		27E9A21F1F3B84F4001937A0 /* NSDate+Category.h */ = {isa = PBXFileReference; fileEncoding = 4; lastKnownFileType = sourcecode.c.h; path = "NSDate+Category.h"; sourceTree = "<group>"; };
		27E9A2201F3B84F4001937A0 /* NSDate+Category.m */ = {isa = PBXFileReference; fileEncoding = 4; lastKnownFileType = sourcecode.c.objc; path = "NSDate+Category.m"; sourceTree = "<group>"; };
		27E9A2211F3B84F4001937A0 /* NSDateFormatter+Category.h */ = {isa = PBXFileReference; fileEncoding = 4; lastKnownFileType = sourcecode.c.h; path = "NSDateFormatter+Category.h"; sourceTree = "<group>"; };
		27E9A2221F3B84F4001937A0 /* NSDateFormatter+Category.m */ = {isa = PBXFileReference; fileEncoding = 4; lastKnownFileType = sourcecode.c.objc; path = "NSDateFormatter+Category.m"; sourceTree = "<group>"; };
		27E9A2231F3B84F4001937A0 /* NSString+Helper.h */ = {isa = PBXFileReference; fileEncoding = 4; lastKnownFileType = sourcecode.c.h; path = "NSString+Helper.h"; sourceTree = "<group>"; };
		27E9A2241F3B84F4001937A0 /* NSString+Helper.m */ = {isa = PBXFileReference; fileEncoding = 4; lastKnownFileType = sourcecode.c.objc; path = "NSString+Helper.m"; sourceTree = "<group>"; };
		27E9A2251F3B84F4001937A0 /* UIView+Extension.h */ = {isa = PBXFileReference; fileEncoding = 4; lastKnownFileType = sourcecode.c.h; path = "UIView+Extension.h"; sourceTree = "<group>"; };
		27E9A2261F3B84F4001937A0 /* UIView+Extension.m */ = {isa = PBXFileReference; fileEncoding = 4; lastKnownFileType = sourcecode.c.objc; path = "UIView+Extension.m"; sourceTree = "<group>"; };
		27E9A2281F3B84F4001937A0 /* BRNavigationController.h */ = {isa = PBXFileReference; fileEncoding = 4; lastKnownFileType = sourcecode.c.h; path = BRNavigationController.h; sourceTree = "<group>"; };
		27E9A2291F3B84F4001937A0 /* BRNavigationController.m */ = {isa = PBXFileReference; fileEncoding = 4; lastKnownFileType = sourcecode.c.objc; path = BRNavigationController.m; sourceTree = "<group>"; };
		27E9A22A1F3B84F4001937A0 /* BRRefreshTableViewController.h */ = {isa = PBXFileReference; fileEncoding = 4; lastKnownFileType = sourcecode.c.h; path = BRRefreshTableViewController.h; sourceTree = "<group>"; };
		27E9A22B1F3B84F4001937A0 /* BRRefreshTableViewController.m */ = {isa = PBXFileReference; fileEncoding = 4; lastKnownFileType = sourcecode.c.objc; path = BRRefreshTableViewController.m; sourceTree = "<group>"; };
		27E9A22C1F3B84F4001937A0 /* BRTabBarController.h */ = {isa = PBXFileReference; fileEncoding = 4; lastKnownFileType = sourcecode.c.h; path = BRTabBarController.h; sourceTree = "<group>"; };
		27E9A22D1F3B84F4001937A0 /* BRTabBarController.m */ = {isa = PBXFileReference; fileEncoding = 4; lastKnownFileType = sourcecode.c.objc; path = BRTabBarController.m; sourceTree = "<group>"; };
		27E9A23C1F3B8BE3001937A0 /* AppDelegate.h */ = {isa = PBXFileReference; fileEncoding = 4; lastKnownFileType = sourcecode.c.h; path = AppDelegate.h; sourceTree = "<group>"; };
		27E9A23D1F3B8BE3001937A0 /* AppDelegate.m */ = {isa = PBXFileReference; fileEncoding = 4; lastKnownFileType = sourcecode.c.objc; path = AppDelegate.m; sourceTree = "<group>"; };
		27E9A2401F3B8BFA001937A0 /* LaunchScreen.storyboard */ = {isa = PBXFileReference; fileEncoding = 4; lastKnownFileType = file.storyboard; path = LaunchScreen.storyboard; sourceTree = "<group>"; };
		27E9A2411F3B8BFA001937A0 /* Main.storyboard */ = {isa = PBXFileReference; fileEncoding = 4; lastKnownFileType = file.storyboard; path = Main.storyboard; sourceTree = "<group>"; };
		7644E4D020BABDE5A91405CF /* libPods-LinC.a */ = {isa = PBXFileReference; explicitFileType = archive.ar; includeInIndex = 0; path = "libPods-LinC.a"; sourceTree = BUILT_PRODUCTS_DIR; };
		7C9BD64024967E79CE634497 /* Pods-LinC.debug.xcconfig */ = {isa = PBXFileReference; includeInIndex = 1; lastKnownFileType = text.xcconfig; name = "Pods-LinC.debug.xcconfig"; path = "Pods/Target Support Files/Pods-LinC/Pods-LinC.debug.xcconfig"; sourceTree = "<group>"; };
		94F6AAD2F8CDC6DB43F6386A /* Pods-LinC.release.xcconfig */ = {isa = PBXFileReference; includeInIndex = 1; lastKnownFileType = text.xcconfig; name = "Pods-LinC.release.xcconfig"; path = "Pods/Target Support Files/Pods-LinC/Pods-LinC.release.xcconfig"; sourceTree = "<group>"; };
		E90A1CCE1F42AA76001033CB /* BRContactListViewController.h */ = {isa = PBXFileReference; fileEncoding = 4; lastKnownFileType = sourcecode.c.h; path = BRContactListViewController.h; sourceTree = "<group>"; };
		E90A1CCF1F42AA76001033CB /* BRContactListViewController.m */ = {isa = PBXFileReference; fileEncoding = 4; lastKnownFileType = sourcecode.c.objc; path = BRContactListViewController.m; sourceTree = "<group>"; };
		E90A1CD21F42AA76001033CB /* BRContactListModel.h */ = {isa = PBXFileReference; fileEncoding = 4; lastKnownFileType = sourcecode.c.h; path = BRContactListModel.h; sourceTree = "<group>"; };
		E90A1CD31F42AA76001033CB /* BRContactListModel.m */ = {isa = PBXFileReference; fileEncoding = 4; lastKnownFileType = sourcecode.c.objc; path = BRContactListModel.m; sourceTree = "<group>"; };
		E90A1CD51F42AA76001033CB /* BRContactListTableViewCell.h */ = {isa = PBXFileReference; fileEncoding = 4; lastKnownFileType = sourcecode.c.h; path = BRContactListTableViewCell.h; sourceTree = "<group>"; };
		E90A1CD61F42AA76001033CB /* BRContactListTableViewCell.m */ = {isa = PBXFileReference; fileEncoding = 4; lastKnownFileType = sourcecode.c.objc; path = BRContactListTableViewCell.m; sourceTree = "<group>"; };
		E90A1CD71F42AA76001033CB /* BRContactListTableViewCell.xib */ = {isa = PBXFileReference; fileEncoding = 4; lastKnownFileType = file.xib; path = BRContactListTableViewCell.xib; sourceTree = "<group>"; };
		E90A1CD81F42AA76001033CB /* BRFriendInfoViewController.h */ = {isa = PBXFileReference; fileEncoding = 4; lastKnownFileType = sourcecode.c.h; path = BRFriendInfoViewController.h; sourceTree = "<group>"; };
		E90A1CD91F42AA76001033CB /* BRFriendInfoViewController.m */ = {isa = PBXFileReference; fileEncoding = 4; lastKnownFileType = sourcecode.c.objc; path = BRFriendInfoViewController.m; sourceTree = "<group>"; };
		E90A1CDA1F42AA76001033CB /* BRFriendInfoViewController.xib */ = {isa = PBXFileReference; fileEncoding = 4; lastKnownFileType = file.xib; path = BRFriendInfoViewController.xib; sourceTree = "<group>"; };
		E90A1CE31F42AA85001033CB /* BRUserInfoViewController.h */ = {isa = PBXFileReference; fileEncoding = 4; lastKnownFileType = sourcecode.c.h; path = BRUserInfoViewController.h; sourceTree = "<group>"; };
		E90A1CE41F42AA85001033CB /* BRUserInfoViewController.m */ = {isa = PBXFileReference; fileEncoding = 4; lastKnownFileType = sourcecode.c.objc; path = BRUserInfoViewController.m; sourceTree = "<group>"; };
		E90A1CE71F42AA85001033CB /* BRLocationListViewController.h */ = {isa = PBXFileReference; fileEncoding = 4; lastKnownFileType = sourcecode.c.h; path = BRLocationListViewController.h; sourceTree = "<group>"; };
		E90A1CE81F42AA85001033CB /* BRLocationListViewController.m */ = {isa = PBXFileReference; fileEncoding = 4; lastKnownFileType = sourcecode.c.objc; path = BRLocationListViewController.m; sourceTree = "<group>"; };
		E90A1CE91F42AA85001033CB /* BRLocationListViewController.xib */ = {isa = PBXFileReference; fileEncoding = 4; lastKnownFileType = file.xib; path = BRLocationListViewController.xib; sourceTree = "<group>"; };
		E90A1CEA1F42AA85001033CB /* BRUserGenderViewController.h */ = {isa = PBXFileReference; fileEncoding = 4; lastKnownFileType = sourcecode.c.h; path = BRUserGenderViewController.h; sourceTree = "<group>"; };
		E90A1CEB1F42AA85001033CB /* BRUserGenderViewController.m */ = {isa = PBXFileReference; fileEncoding = 4; lastKnownFileType = sourcecode.c.objc; path = BRUserGenderViewController.m; sourceTree = "<group>"; };
		E90A1CEC1F42AA85001033CB /* BRUserGenderViewController.xib */ = {isa = PBXFileReference; fileEncoding = 4; lastKnownFileType = file.xib; path = BRUserGenderViewController.xib; sourceTree = "<group>"; };
		E90A1CED1F42AA85001033CB /* BRUserImageViewController.h */ = {isa = PBXFileReference; fileEncoding = 4; lastKnownFileType = sourcecode.c.h; path = BRUserImageViewController.h; sourceTree = "<group>"; };
		E90A1CEE1F42AA85001033CB /* BRUserImageViewController.m */ = {isa = PBXFileReference; fileEncoding = 4; lastKnownFileType = sourcecode.c.objc; path = BRUserImageViewController.m; sourceTree = "<group>"; };
		E90A1CEF1F42AA85001033CB /* BRUserImageViewController.xib */ = {isa = PBXFileReference; fileEncoding = 4; lastKnownFileType = file.xib; path = BRUserImageViewController.xib; sourceTree = "<group>"; };
		E90A1CF01F42AA85001033CB /* BRUserInfoViewController.storyboard */ = {isa = PBXFileReference; fileEncoding = 4; lastKnownFileType = file.storyboard; path = BRUserInfoViewController.storyboard; sourceTree = "<group>"; };
		E90A1CF11F42AA85001033CB /* BRUserNameTextViewController.h */ = {isa = PBXFileReference; fileEncoding = 4; lastKnownFileType = sourcecode.c.h; path = BRUserNameTextViewController.h; sourceTree = "<group>"; };
		E90A1CF21F42AA85001033CB /* BRUserNameTextViewController.m */ = {isa = PBXFileReference; fileEncoding = 4; lastKnownFileType = sourcecode.c.objc; path = BRUserNameTextViewController.m; sourceTree = "<group>"; };
		E90A1CF31F42AA85001033CB /* BRUserNameTextViewController.xib */ = {isa = PBXFileReference; fileEncoding = 4; lastKnownFileType = file.xib; path = BRUserNameTextViewController.xib; sourceTree = "<group>"; };
		E90A1CF41F42AA85001033CB /* BRWhatsUpViewController.h */ = {isa = PBXFileReference; fileEncoding = 4; lastKnownFileType = sourcecode.c.h; path = BRWhatsUpViewController.h; sourceTree = "<group>"; };
		E90A1CF51F42AA85001033CB /* BRWhatsUpViewController.m */ = {isa = PBXFileReference; fileEncoding = 4; lastKnownFileType = sourcecode.c.objc; path = BRWhatsUpViewController.m; sourceTree = "<group>"; };
		E90A1CF61F42AA85001033CB /* BRWhatsUpViewController.xib */ = {isa = PBXFileReference; fileEncoding = 4; lastKnownFileType = file.xib; path = BRWhatsUpViewController.xib; sourceTree = "<group>"; };
		E94AD9601F44A7DD00A1AEF3 /* IUserModel.h */ = {isa = PBXFileReference; fileEncoding = 4; lastKnownFileType = sourcecode.c.h; path = IUserModel.h; sourceTree = "<group>"; };
/* End PBXFileReference section */

/* Begin PBXFrameworksBuildPhase section */
		27CA03A91F38F21600D0F132 /* Frameworks */ = {
			isa = PBXFrameworksBuildPhase;
			buildActionMask = 2147483647;
			files = (
				276E75971F3E5AA600D5A917 /* AVKit.framework in Frameworks */,
				276E75A41F421A6900D5A917 /* libopencore-amrnb.a in Frameworks */,
				276E75901F3E390100D5A917 /* UserNotifications.framework in Frameworks */,
				276E757F1F3E2F1E00D5A917 /* AudioToolbox.framework in Frameworks */,
				276E756A1F3E2B0200D5A917 /* AVFoundation.framework in Frameworks */,
				276E75A51F421A6900D5A917 /* libopencore-amrwb.a in Frameworks */,
				777EE2E01DE2D56D25A06FA2 /* libPods-LinC.a in Frameworks */,
			);
			runOnlyForDeploymentPostprocessing = 0;
		};
		27CA03C21F38F21600D0F132 /* Frameworks */ = {
			isa = PBXFrameworksBuildPhase;
			buildActionMask = 2147483647;
			files = (
			);
			runOnlyForDeploymentPostprocessing = 0;
		};
		27CA03CD1F38F21600D0F132 /* Frameworks */ = {
			isa = PBXFrameworksBuildPhase;
			buildActionMask = 2147483647;
			files = (
			);
			runOnlyForDeploymentPostprocessing = 0;
		};
/* End PBXFrameworksBuildPhase section */

/* Begin PBXGroup section */
		033AEEBC32B9AADB107BA3AD /* Frameworks */ = {
			isa = PBXGroup;
			children = (
				276E75961F3E5AA600D5A917 /* AVKit.framework */,
				276E75941F3E5A6100D5A917 /* MediaPlayer.framework */,
				276E758F1F3E390100D5A917 /* UserNotifications.framework */,
				276E757E1F3E2F1E00D5A917 /* AudioToolbox.framework */,
				276E75691F3E2B0200D5A917 /* AVFoundation.framework */,
				7644E4D020BABDE5A91405CF /* libPods-LinC.a */,
			);
			name = Frameworks;
			sourceTree = "<group>";
		};
		0EFA1F0F47153AF09E0579D3 /* Pods */ = {
			isa = PBXGroup;
			children = (
				7C9BD64024967E79CE634497 /* Pods-LinC.debug.xcconfig */,
				94F6AAD2F8CDC6DB43F6386A /* Pods-LinC.release.xcconfig */,
			);
			name = Pods;
			sourceTree = "<group>";
		};
		276E750B1F3B99BF00D5A917 /* Message */ = {
			isa = PBXGroup;
			children = (
				276E75291F3CDE0700D5A917 /* Category */,
				276E750E1F3B9A0500D5A917 /* View */,
				276E750D1F3B99F500D5A917 /* Model */,
				276E750C1F3B99D500D5A917 /* Controller */,
			);
			path = Message;
			sourceTree = "<group>";
		};
		276E750C1F3B99D500D5A917 /* Controller */ = {
			isa = PBXGroup;
			children = (
				276E751B1F3BA60100D5A917 /* BRMessageViewController.h */,
				276E751C1F3BA60100D5A917 /* BRMessageViewController.m */,
				276E75911F3E40FF00D5A917 /* BRLocationViewController.h */,
				276E75921F3E40FF00D5A917 /* BRLocationViewController.m */,
			);
			path = Controller;
			sourceTree = "<group>";
		};
		276E750D1F3B99F500D5A917 /* Model */ = {
			isa = PBXGroup;
			children = (
				276E75711F3E2D7600D5A917 /* amrFileCodec.h */,
				276E75721F3E2D7600D5A917 /* amrFileCodec.mm */,
				276E75731F3E2D7600D5A917 /* dec_if.h */,
				276E75741F3E2D7600D5A917 /* interf_dec.h */,
				276E75751F3E2D7600D5A917 /* interf_enc.h */,
				276E75761F3E2D7600D5A917 /* wav.h */,
				276E75771F3E2D7600D5A917 /* wav.mm */,
				276E75461F3CF3E600D5A917 /* IMessageModel.h */,
				276E75451F3CF3C500D5A917 /* IModelChatCell.h */,
				276E750F1F3B9A6F00D5A917 /* BREmotionEscape.h */,
				276E75101F3B9A6F00D5A917 /* BREmotionEscape.m */,
				276E75121F3B9C5200D5A917 /* BRConvertToCommonEmoticonsHelper.h */,
				276E75131F3B9C5200D5A917 /* BRConvertToCommonEmoticonsHelper.m */,
				276E75151F3B9FCF00D5A917 /* BREmoji.h */,
				276E75161F3B9FCF00D5A917 /* BREmoji.m */,
				276E75181F3BA02200D5A917 /* BREmojiEmoticons.h */,
				276E75191F3BA02200D5A917 /* BREmojiEmoticons.m */,
				276E75201F3CD44C00D5A917 /* BRMessageModel.h */,
				276E75211F3CD44C00D5A917 /* BRMessageModel.m */,
				276E754D1F3D0F5000D5A917 /* BREmotionManager.h */,
				276E754E1F3D0F5000D5A917 /* BREmotionManager.m */,
				276E755C1F3E269200D5A917 /* BRCDDeviceManager.h */,
				276E755D1F3E276C00D5A917 /* BRCDDeviceManagerProximitySensorDelegate.h */,
				276E755F1F3E27CE00D5A917 /* BRCDDeviceManagerDelegate.h */,
				276E75601F3E282200D5A917 /* BRCDDeviceManagerBase.h */,
				276E75611F3E282200D5A917 /* BRCDDeviceManagerBase.m */,
				276E75661F3E2A2E00D5A917 /* BRAudioPlayerUtil.h */,
				276E75671F3E2A2E00D5A917 /* BRAudioPlayerUtil.m */,
				276E756B1F3E2B8700D5A917 /* BRAudioRecorderUtil.h */,
				276E756C1F3E2B8700D5A917 /* BRAudioRecorderUtil.m */,
				276E756E1F3E2C4D00D5A917 /* BRVoiceConverter.h */,
				276E756F1F3E2C4D00D5A917 /* BRVoiceConverter.mm */,
				276E75891F3E321100D5A917 /* BRChatToolbarItem.h */,
				276E758A1F3E321100D5A917 /* BRChatToolbarItem.m */,
				276E759B1F3F4E5600D5A917 /* BRMessageReadManager.h */,
				276E759C1F3F4E5600D5A917 /* BRMessageReadManager.m */,
			);
			path = Model;
			sourceTree = "<group>";
		};
		276E750E1F3B9A0500D5A917 /* View */ = {
			isa = PBXGroup;
			children = (
				276E75231F3CDA6B00D5A917 /* BRMessageCell.h */,
				276E75241F3CDA6B00D5A917 /* BRMessageCell.m */,
				276E753C1F3CE5D600D5A917 /* BRBaseMessageCell.h */,
				276E753D1F3CE5D600D5A917 /* BRBaseMessageCell.m */,
				276E753F1F3CED4F00D5A917 /* BRCustomMessageCell.h */,
				276E75401F3CED4F00D5A917 /* BRCustomMessageCell.m */,
				276E75981F3E5C8E00D5A917 /* BRMessageTimeCell.h */,
				276E75991F3E5C8E00D5A917 /* BRMessageTimeCell.m */,
				276E75261F3CDC3C00D5A917 /* BRBubbleView.h */,
				276E75271F3CDC3C00D5A917 /* BRBubbleView.m */,
				276E754A1F3D0C1500D5A917 /* BRChatToolbar.h */,
				276E754B1F3D0C1500D5A917 /* BRChatToolbar.m */,
				276E75501F3E05DA00D5A917 /* BRFacialView.h */,
				276E75511F3E05DA00D5A917 /* BRFacialView.m */,
				276E75531F3E090D00D5A917 /* BRFaceView.h */,
				276E75541F3E090D00D5A917 /* BRFaceView.m */,
				276E75561F3E22DB00D5A917 /* BRTextView.h */,
				276E75571F3E22DB00D5A917 /* BRTextView.m */,
				276E75591F3E253200D5A917 /* BRRecordView.h */,
				276E755A1F3E253200D5A917 /* BRRecordView.m */,
				276E75861F3E307200D5A917 /* BRChatBarMoreView.h */,
				276E75871F3E307200D5A917 /* BRChatBarMoreView.m */,
			);
			path = View;
			sourceTree = "<group>";
		};
		276E75291F3CDE0700D5A917 /* Category */ = {
			isa = PBXGroup;
			children = (
				276E752A1F3CDE2C00D5A917 /* BRBubbleView+Text.h */,
				276E752B1F3CDE2C00D5A917 /* BRBubbleView+Text.m */,
				276E752D1F3CDF0500D5A917 /* BRBubbleView+Image.h */,
				276E752E1F3CDF0500D5A917 /* BRBubbleView+Image.m */,
				276E75301F3CDF7D00D5A917 /* BRBubbleView+Location.h */,
				276E75311F3CDF7D00D5A917 /* BRBubbleView+Location.m */,
				276E75331F3CE0B700D5A917 /* BRBubbleView+Voice.h */,
				276E75341F3CE0B700D5A917 /* BRBubbleView+Voice.m */,
				276E75361F3CE12C00D5A917 /* BRBubbleView+Video.h */,
				276E75371F3CE12C00D5A917 /* BRBubbleView+Video.m */,
				276E75391F3CE1E300D5A917 /* BRBubbleView+File.h */,
				276E753A1F3CE1E300D5A917 /* BRBubbleView+File.m */,
				276E75421F3CEE2F00D5A917 /* BRBubbleView+Gif.h */,
				276E75431F3CEE2F00D5A917 /* BRBubbleView+Gif.m */,
				276E75631F3E292A00D5A917 /* BRCDDeviceManager+Media.h */,
				276E75641F3E292A00D5A917 /* BRCDDeviceManager+Media.m */,
				276E757B1F3E2EEF00D5A917 /* BRCDDeviceManager+Remind.h */,
				276E757C1F3E2EEF00D5A917 /* BRCDDeviceManager+Remind.m */,
				276E75801F3E2F7900D5A917 /* BRCDDeviceManager+Microphone.h */,
				276E75811F3E2F7900D5A917 /* BRCDDeviceManager+Microphone.m */,
				276E75831F3E2FD600D5A917 /* BRCDDeviceManager+ProximitySensor.h */,
				276E75841F3E2FD600D5A917 /* BRCDDeviceManager+ProximitySensor.m */,
			);
			path = Category;
			sourceTree = "<group>";
		};
		276E75481F3CFAA000D5A917 /* Model */ = {
			isa = PBXGroup;
			children = (
				276E75491F3CFAB400D5A917 /* IModelCell.h */,
				276E758C1F3E35BD00D5A917 /* BRSDKHelper.h */,
				276E758D1F3E35BD00D5A917 /* BRSDKHelper.m */,
			);
			name = Model;
			sourceTree = "<group>";
		};
		276E75A91F43631400D5A917 /* Controller */ = {
			isa = PBXGroup;
			children = (
				276E75AA1F4365EA00D5A917 /* BRMediaBrowserViewController.h */,
				276E75AB1F4365EA00D5A917 /* BRMediaBrowserViewController.m */,
				276E75D51F45F10C00D5A917 /* BRMediaBrowserViewController.xib */,
			);
			path = Controller;
			sourceTree = "<group>";
		};
		276E75AF1F436C2600D5A917 /* View */ = {
			isa = PBXGroup;
			children = (
				276E75B41F43A44300D5A917 /* BRMediaCell.h */,
				276E75B51F43A44300D5A917 /* BRMediaCell.m */,
			);
			path = View;
			sourceTree = "<group>";
		};
		276E75B01F4379A100D5A917 /* Model */ = {
			isa = PBXGroup;
			children = (
				276E75B11F4379CD00D5A917 /* BRMedia.h */,
				276E75B21F4379CD00D5A917 /* BRMedia.m */,
			);
			path = Model;
			sourceTree = "<group>";
		};
		27CA03A31F38F21600D0F132 = {
			isa = PBXGroup;
			children = (
				27CA03AE1F38F21600D0F132 /* LinC */,
				27CA03C81F38F21600D0F132 /* LinCTests */,
				27CA03D31F38F21600D0F132 /* LinCUITests */,
				27CA03AD1F38F21600D0F132 /* Products */,
				0EFA1F0F47153AF09E0579D3 /* Pods */,
				033AEEBC32B9AADB107BA3AD /* Frameworks */,
			);
			sourceTree = "<group>";
		};
		27CA03AD1F38F21600D0F132 /* Products */ = {
			isa = PBXGroup;
			children = (
				27CA03AC1F38F21600D0F132 /* LinC.app */,
				27CA03C51F38F21600D0F132 /* LinCTests.xctest */,
				27CA03D01F38F21600D0F132 /* LinCUITests.xctest */,
			);
			name = Products;
			sourceTree = "<group>";
		};
		27CA03AE1F38F21600D0F132 /* LinC */ = {
			isa = PBXGroup;
			children = (
				27E9A2101F3B84F4001937A0 /* Class */,
				27CA03AF1F38F21600D0F132 /* Supporting Files */,
			);
			path = LinC;
			sourceTree = "<group>";
		};
		27CA03AF1F38F21600D0F132 /* Supporting Files */ = {
			isa = PBXGroup;
			children = (
				27CA03C01F38F21600D0F132 /* Info.plist */,
				27CA03BB1F38F21600D0F132 /* Assets.xcassets */,
				27CA03B01F38F21600D0F132 /* main.m */,
			);
			name = "Supporting Files";
			sourceTree = "<group>";
		};
		27CA03C81F38F21600D0F132 /* LinCTests */ = {
			isa = PBXGroup;
			children = (
				27CA03C91F38F21600D0F132 /* LinCTests.m */,
				27CA03CB1F38F21600D0F132 /* Info.plist */,
			);
			path = LinCTests;
			sourceTree = "<group>";
		};
		27CA03D31F38F21600D0F132 /* LinCUITests */ = {
			isa = PBXGroup;
			children = (
				27CA03D41F38F21600D0F132 /* LinCUITests.m */,
				27CA03D61F38F21600D0F132 /* Info.plist */,
			);
			path = LinCUITests;
			sourceTree = "<group>";
		};
		27E9A2101F3B84F4001937A0 /* Class */ = {
			isa = PBXGroup;
			children = (
				E90A1CCC1F42AA66001033CB /* UserInfo */,
				E90A1CCB1F42AA33001033CB /* ContactList */,
				276E750B1F3B99BF00D5A917 /* Message */,
				27E9A23B1F3B8BE3001937A0 /* Other */,
				27E9A2111F3B84F4001937A0 /* Conversation */,
				27E9A21D1F3B84F4001937A0 /* Main */,
			);
			path = Class;
			sourceTree = "<group>";
		};
		27E9A2111F3B84F4001937A0 /* Conversation */ = {
			isa = PBXGroup;
			children = (
				27E9A2121F3B84F4001937A0 /* Controller */,
				27E9A2151F3B84F4001937A0 /* Model */,
				27E9A2181F3B84F4001937A0 /* View */,
			);
			path = Conversation;
			sourceTree = "<group>";
		};
		27E9A2121F3B84F4001937A0 /* Controller */ = {
			isa = PBXGroup;
			children = (
				27E9A2131F3B84F4001937A0 /* BRConversationListViewController.h */,
				27E9A2141F3B84F4001937A0 /* BRConversationListViewController.m */,
			);
			path = Controller;
			sourceTree = "<group>";
		};
		27E9A2151F3B84F4001937A0 /* Model */ = {
			isa = PBXGroup;
			children = (
				276E75471F3CF90B00D5A917 /* IConversationModel.h */,
				27E9A2161F3B84F4001937A0 /* BRConversationModel.h */,
				27E9A2171F3B84F4001937A0 /* BRConversationModel.m */,
			);
			path = Model;
			sourceTree = "<group>";
		};
		27E9A2181F3B84F4001937A0 /* View */ = {
			isa = PBXGroup;
			children = (
				27E9A2191F3B84F4001937A0 /* BRAvatarView.h */,
				27E9A21A1F3B84F4001937A0 /* BRAvatarView.m */,
				27E9A21B1F3B84F4001937A0 /* BRConversationCell.h */,
				27E9A21C1F3B84F4001937A0 /* BRConversationCell.m */,
				276E751E1F3BB48D00D5A917 /* BRConversationCell.xib */,
			);
			path = View;
			sourceTree = "<group>";
		};
		27E9A21D1F3B84F4001937A0 /* Main */ = {
			isa = PBXGroup;
			children = (
				276E75481F3CFAA000D5A917 /* Model */,
				27E9A23F1F3B8BFA001937A0 /* View */,
				27E9A21E1F3B84F4001937A0 /* Category */,
				27E9A2271F3B84F4001937A0 /* Controller */,
			);
			path = Main;
			sourceTree = "<group>";
		};
		27E9A21E1F3B84F4001937A0 /* Category */ = {
			isa = PBXGroup;
			children = (
				27E9A21F1F3B84F4001937A0 /* NSDate+Category.h */,
				27E9A2201F3B84F4001937A0 /* NSDate+Category.m */,
				27E9A2211F3B84F4001937A0 /* NSDateFormatter+Category.h */,
				27E9A2221F3B84F4001937A0 /* NSDateFormatter+Category.m */,
				27E9A2231F3B84F4001937A0 /* NSString+Helper.h */,
				27E9A2241F3B84F4001937A0 /* NSString+Helper.m */,
				27E9A2251F3B84F4001937A0 /* UIView+Extension.h */,
				27E9A2261F3B84F4001937A0 /* UIView+Extension.m */,
			);
			path = Category;
			sourceTree = "<group>";
		};
		27E9A2271F3B84F4001937A0 /* Controller */ = {
			isa = PBXGroup;
			children = (
				27E9A2281F3B84F4001937A0 /* BRNavigationController.h */,
				27E9A2291F3B84F4001937A0 /* BRNavigationController.m */,
				27E9A22A1F3B84F4001937A0 /* BRRefreshTableViewController.h */,
				27E9A22B1F3B84F4001937A0 /* BRRefreshTableViewController.m */,
				27E9A22C1F3B84F4001937A0 /* BRTabBarController.h */,
				27E9A22D1F3B84F4001937A0 /* BRTabBarController.m */,
			);
			path = Controller;
			sourceTree = "<group>";
		};
		27E9A23B1F3B8BE3001937A0 /* Other */ = {
			isa = PBXGroup;
			children = (
				276E75B01F4379A100D5A917 /* Model */,
				276E75AF1F436C2600D5A917 /* View */,
				276E75A91F43631400D5A917 /* Controller */,
				276E75A61F4227AD00D5A917 /* Common.h */,
				276E75A71F4227AD00D5A917 /* Common.m */,
				276E75A21F421A6900D5A917 /* libopencore-amrnb.a */,
				276E75A31F421A6900D5A917 /* libopencore-amrwb.a */,
				276E757A1F3E2DC900D5A917 /* DemoErrorCode.h */,
				27E9A23C1F3B8BE3001937A0 /* AppDelegate.h */,
				27E9A23D1F3B8BE3001937A0 /* AppDelegate.m */,
				276E75A11F42057300D5A917 /* LinC.pch */,
			);
			path = Other;
			sourceTree = "<group>";
		};
		27E9A23F1F3B8BFA001937A0 /* View */ = {
			isa = PBXGroup;
			children = (
				27E9A2401F3B8BFA001937A0 /* LaunchScreen.storyboard */,
				27E9A2411F3B8BFA001937A0 /* Main.storyboard */,
			);
			path = View;
			sourceTree = "<group>";
		};
		E90A1CCB1F42AA33001033CB /* ContactList */ = {
			isa = PBXGroup;
			children = (
				E90A1CCD1F42AA76001033CB /* Controller */,
				E90A1CD11F42AA76001033CB /* Model */,
				E90A1CD41F42AA76001033CB /* View */,
			);
			name = ContactList;
			sourceTree = "<group>";
		};
		E90A1CCC1F42AA66001033CB /* UserInfo */ = {
			isa = PBXGroup;
			children = (
				E90A1CE21F42AA85001033CB /* Controller */,
				E90A1CE51F42AA85001033CB /* Model */,
				E90A1CE61F42AA85001033CB /* View */,
			);
			name = UserInfo;
			sourceTree = "<group>";
		};
		E90A1CCD1F42AA76001033CB /* Controller */ = {
			isa = PBXGroup;
			children = (
				E90A1CCE1F42AA76001033CB /* BRContactListViewController.h */,
				E90A1CCF1F42AA76001033CB /* BRContactListViewController.m */,
			);
			name = Controller;
			path = ContactList/Controller;
			sourceTree = "<group>";
		};
		E90A1CD11F42AA76001033CB /* Model */ = {
			isa = PBXGroup;
			children = (
				E94AD9601F44A7DD00A1AEF3 /* IUserModel.h */,
				E90A1CD21F42AA76001033CB /* BRContactListModel.h */,
				E90A1CD31F42AA76001033CB /* BRContactListModel.m */,
			);
			name = Model;
			path = ContactList/Model;
			sourceTree = "<group>";
		};
		E90A1CD41F42AA76001033CB /* View */ = {
			isa = PBXGroup;
			children = (
				E90A1CD51F42AA76001033CB /* BRContactListTableViewCell.h */,
				E90A1CD61F42AA76001033CB /* BRContactListTableViewCell.m */,
				E90A1CD71F42AA76001033CB /* BRContactListTableViewCell.xib */,
				E90A1CD81F42AA76001033CB /* BRFriendInfoViewController.h */,
				E90A1CD91F42AA76001033CB /* BRFriendInfoViewController.m */,
				E90A1CDA1F42AA76001033CB /* BRFriendInfoViewController.xib */,
			);
			name = View;
			path = ContactList/View;
			sourceTree = "<group>";
		};
		E90A1CE21F42AA85001033CB /* Controller */ = {
			isa = PBXGroup;
			children = (
				E90A1CE31F42AA85001033CB /* BRUserInfoViewController.h */,
				E90A1CE41F42AA85001033CB /* BRUserInfoViewController.m */,
			);
			name = Controller;
			path = UserInfo/Controller;
			sourceTree = "<group>";
		};
		E90A1CE51F42AA85001033CB /* Model */ = {
			isa = PBXGroup;
			children = (
			);
			name = Model;
			path = UserInfo/Model;
			sourceTree = "<group>";
		};
		E90A1CE61F42AA85001033CB /* View */ = {
			isa = PBXGroup;
			children = (
				E90A1CE71F42AA85001033CB /* BRLocationListViewController.h */,
				E90A1CE81F42AA85001033CB /* BRLocationListViewController.m */,
				E90A1CE91F42AA85001033CB /* BRLocationListViewController.xib */,
				E90A1CEA1F42AA85001033CB /* BRUserGenderViewController.h */,
				E90A1CEB1F42AA85001033CB /* BRUserGenderViewController.m */,
				E90A1CEC1F42AA85001033CB /* BRUserGenderViewController.xib */,
				E90A1CED1F42AA85001033CB /* BRUserImageViewController.h */,
				E90A1CEE1F42AA85001033CB /* BRUserImageViewController.m */,
				E90A1CEF1F42AA85001033CB /* BRUserImageViewController.xib */,
				E90A1CF01F42AA85001033CB /* BRUserInfoViewController.storyboard */,
				E90A1CF11F42AA85001033CB /* BRUserNameTextViewController.h */,
				E90A1CF21F42AA85001033CB /* BRUserNameTextViewController.m */,
				E90A1CF31F42AA85001033CB /* BRUserNameTextViewController.xib */,
				E90A1CF41F42AA85001033CB /* BRWhatsUpViewController.h */,
				E90A1CF51F42AA85001033CB /* BRWhatsUpViewController.m */,
				E90A1CF61F42AA85001033CB /* BRWhatsUpViewController.xib */,
			);
			name = View;
			path = UserInfo/View;
			sourceTree = "<group>";
		};
/* End PBXGroup section */

/* Begin PBXNativeTarget section */
		27CA03AB1F38F21600D0F132 /* LinC */ = {
			isa = PBXNativeTarget;
			buildConfigurationList = 27CA03D91F38F21600D0F132 /* Build configuration list for PBXNativeTarget "LinC" */;
			buildPhases = (
				9678103DFC99320BBA8FC7E8 /* [CP] Check Pods Manifest.lock */,
				27CA03A81F38F21600D0F132 /* Sources */,
				27CA03A91F38F21600D0F132 /* Frameworks */,
				27CA03AA1F38F21600D0F132 /* Resources */,
				D1E4854568957024059F0F63 /* [CP] Embed Pods Frameworks */,
				64F738E78211E81266206397 /* [CP] Copy Pods Resources */,
			);
			buildRules = (
			);
			dependencies = (
			);
			name = LinC;
			productName = LinC;
			productReference = 27CA03AC1F38F21600D0F132 /* LinC.app */;
			productType = "com.apple.product-type.application";
		};
		27CA03C41F38F21600D0F132 /* LinCTests */ = {
			isa = PBXNativeTarget;
			buildConfigurationList = 27CA03DC1F38F21600D0F132 /* Build configuration list for PBXNativeTarget "LinCTests" */;
			buildPhases = (
				27CA03C11F38F21600D0F132 /* Sources */,
				27CA03C21F38F21600D0F132 /* Frameworks */,
				27CA03C31F38F21600D0F132 /* Resources */,
			);
			buildRules = (
			);
			dependencies = (
				27CA03C71F38F21600D0F132 /* PBXTargetDependency */,
			);
			name = LinCTests;
			productName = LinCTests;
			productReference = 27CA03C51F38F21600D0F132 /* LinCTests.xctest */;
			productType = "com.apple.product-type.bundle.unit-test";
		};
		27CA03CF1F38F21600D0F132 /* LinCUITests */ = {
			isa = PBXNativeTarget;
			buildConfigurationList = 27CA03DF1F38F21600D0F132 /* Build configuration list for PBXNativeTarget "LinCUITests" */;
			buildPhases = (
				27CA03CC1F38F21600D0F132 /* Sources */,
				27CA03CD1F38F21600D0F132 /* Frameworks */,
				27CA03CE1F38F21600D0F132 /* Resources */,
			);
			buildRules = (
			);
			dependencies = (
				27CA03D21F38F21600D0F132 /* PBXTargetDependency */,
			);
			name = LinCUITests;
			productName = LinCUITests;
			productReference = 27CA03D01F38F21600D0F132 /* LinCUITests.xctest */;
			productType = "com.apple.product-type.bundle.ui-testing";
		};
/* End PBXNativeTarget section */

/* Begin PBXProject section */
		27CA03A41F38F21600D0F132 /* Project object */ = {
			isa = PBXProject;
			attributes = {
				LastUpgradeCheck = 0830;
				ORGANIZATIONNAME = BeyondRemarkable;
				TargetAttributes = {
					27CA03AB1F38F21600D0F132 = {
						CreatedOnToolsVersion = 8.3.3;
						DevelopmentTeam = AEKJ6LE54T;
						ProvisioningStyle = Automatic;
					};
					27CA03C41F38F21600D0F132 = {
						CreatedOnToolsVersion = 8.3.3;
						DevelopmentTeam = M4YWTY9R92;
						ProvisioningStyle = Automatic;
						TestTargetID = 27CA03AB1F38F21600D0F132;
					};
					27CA03CF1F38F21600D0F132 = {
						CreatedOnToolsVersion = 8.3.3;
						DevelopmentTeam = M4YWTY9R92;
						ProvisioningStyle = Automatic;
						TestTargetID = 27CA03AB1F38F21600D0F132;
					};
				};
			};
			buildConfigurationList = 27CA03A71F38F21600D0F132 /* Build configuration list for PBXProject "LinC" */;
			compatibilityVersion = "Xcode 3.2";
			developmentRegion = English;
			hasScannedForEncodings = 0;
			knownRegions = (
				en,
				Base,
			);
			mainGroup = 27CA03A31F38F21600D0F132;
			productRefGroup = 27CA03AD1F38F21600D0F132 /* Products */;
			projectDirPath = "";
			projectRoot = "";
			targets = (
				27CA03AB1F38F21600D0F132 /* LinC */,
				27CA03C41F38F21600D0F132 /* LinCTests */,
				27CA03CF1F38F21600D0F132 /* LinCUITests */,
			);
		};
/* End PBXProject section */

/* Begin PBXResourcesBuildPhase section */
		27CA03AA1F38F21600D0F132 /* Resources */ = {
			isa = PBXResourcesBuildPhase;
			buildActionMask = 2147483647;
			files = (
				E90A1D021F42AA85001033CB /* BRWhatsUpViewController.xib in Resources */,
				27E9A2431F3B8BFA001937A0 /* Main.storyboard in Resources */,
				E90A1CFD1F42AA85001033CB /* BRUserImageViewController.xib in Resources */,
				27CA03BC1F38F21600D0F132 /* Assets.xcassets in Resources */,
				276E751F1F3BB48D00D5A917 /* BRConversationCell.xib in Resources */,
				E90A1CFB1F42AA85001033CB /* BRUserGenderViewController.xib in Resources */,
				27E9A2421F3B8BFA001937A0 /* LaunchScreen.storyboard in Resources */,
				E90A1CE11F42AA76001033CB /* BRFriendInfoViewController.xib in Resources */,
				E90A1CDF1F42AA76001033CB /* BRContactListTableViewCell.xib in Resources */,
				E90A1CF91F42AA85001033CB /* BRLocationListViewController.xib in Resources */,
				276E75D61F45F10C00D5A917 /* BRMediaBrowserViewController.xib in Resources */,
				E90A1D001F42AA85001033CB /* BRUserNameTextViewController.xib in Resources */,
				E90A1CFE1F42AA85001033CB /* BRUserInfoViewController.storyboard in Resources */,
			);
			runOnlyForDeploymentPostprocessing = 0;
		};
		27CA03C31F38F21600D0F132 /* Resources */ = {
			isa = PBXResourcesBuildPhase;
			buildActionMask = 2147483647;
			files = (
			);
			runOnlyForDeploymentPostprocessing = 0;
		};
		27CA03CE1F38F21600D0F132 /* Resources */ = {
			isa = PBXResourcesBuildPhase;
			buildActionMask = 2147483647;
			files = (
			);
			runOnlyForDeploymentPostprocessing = 0;
		};
/* End PBXResourcesBuildPhase section */

/* Begin PBXShellScriptBuildPhase section */
		64F738E78211E81266206397 /* [CP] Copy Pods Resources */ = {
			isa = PBXShellScriptBuildPhase;
			buildActionMask = 2147483647;
			files = (
			);
			inputPaths = (
				"${SRCROOT}/Pods/Target Support Files/Pods-LinC/Pods-LinC-resources.sh",
				"${PODS_ROOT}/MJRefresh/MJRefresh/MJRefresh.bundle",
			);
			name = "[CP] Copy Pods Resources";
			outputPaths = (
				"${TARGET_BUILD_DIR}/${UNLOCALIZED_RESOURCES_FOLDER_PATH}",
			);
			runOnlyForDeploymentPostprocessing = 0;
			shellPath = /bin/sh;
			shellScript = "\"${SRCROOT}/Pods/Target Support Files/Pods-LinC/Pods-LinC-resources.sh\"\n";
			showEnvVarsInLog = 0;
		};
		9678103DFC99320BBA8FC7E8 /* [CP] Check Pods Manifest.lock */ = {
			isa = PBXShellScriptBuildPhase;
			buildActionMask = 2147483647;
			files = (
			);
			inputPaths = (
				"${PODS_PODFILE_DIR_PATH}/Podfile.lock",
				"${PODS_ROOT}/Manifest.lock",
			);
			name = "[CP] Check Pods Manifest.lock";
			outputPaths = (
				"$(DERIVED_FILE_DIR)/Pods-LinC-checkManifestLockResult.txt",
			);
			runOnlyForDeploymentPostprocessing = 0;
			shellPath = /bin/sh;
			shellScript = "diff \"${PODS_PODFILE_DIR_PATH}/Podfile.lock\" \"${PODS_ROOT}/Manifest.lock\" > /dev/null\nif [ $? != 0 ] ; then\n    # print error to STDERR\n    echo \"error: The sandbox is not in sync with the Podfile.lock. Run 'pod install' or update your CocoaPods installation.\" >&2\n    exit 1\nfi\n# This output is used by Xcode 'outputs' to avoid re-running this script phase.\necho \"SUCCESS\" > \"${SCRIPT_OUTPUT_FILE_0}\"\n";
			showEnvVarsInLog = 0;
		};
		D1E4854568957024059F0F63 /* [CP] Embed Pods Frameworks */ = {
			isa = PBXShellScriptBuildPhase;
			buildActionMask = 2147483647;
			files = (
			);
			inputPaths = (
				"${SRCROOT}/Pods/Target Support Files/Pods-LinC/Pods-LinC-frameworks.sh",
				"${PODS_ROOT}/Hyphenate/ios_IM_Hyphenate_sdk_3.3.4/HyphenateFullSDK/Hyphenate.framework",
			);
			name = "[CP] Embed Pods Frameworks";
			outputPaths = (
				"${TARGET_BUILD_DIR}/${FRAMEWORKS_FOLDER_PATH}/Hyphenate.framework",
			);
			runOnlyForDeploymentPostprocessing = 0;
			shellPath = /bin/sh;
			shellScript = "\"${SRCROOT}/Pods/Target Support Files/Pods-LinC/Pods-LinC-frameworks.sh\"\n";
			showEnvVarsInLog = 0;
		};
/* End PBXShellScriptBuildPhase section */

/* Begin PBXSourcesBuildPhase section */
		27CA03A81F38F21600D0F132 /* Sources */ = {
			isa = PBXSourcesBuildPhase;
			buildActionMask = 2147483647;
			files = (
				276E75851F3E2FD600D5A917 /* BRCDDeviceManager+ProximitySensor.m in Sources */,
				E90A1CF71F42AA85001033CB /* BRUserInfoViewController.m in Sources */,
				276E75381F3CE12C00D5A917 /* BRBubbleView+Video.m in Sources */,
				276E754C1F3D0C1500D5A917 /* BRChatToolbar.m in Sources */,
				27E9A22F1F3B84F4001937A0 /* BRConversationModel.m in Sources */,
				276E755B1F3E253200D5A917 /* BRRecordView.m in Sources */,
				E90A1CFA1F42AA85001033CB /* BRUserGenderViewController.m in Sources */,
				27E9A2331F3B84F4001937A0 /* NSDateFormatter+Category.m in Sources */,
				276E757D1F3E2EEF00D5A917 /* BRCDDeviceManager+Remind.m in Sources */,
				276E75931F3E40FF00D5A917 /* BRLocationViewController.m in Sources */,
				276E751A1F3BA02200D5A917 /* BREmojiEmoticons.m in Sources */,
				276E75551F3E090D00D5A917 /* BRFaceView.m in Sources */,
				27E9A2351F3B84F4001937A0 /* UIView+Extension.m in Sources */,
				276E758E1F3E35BD00D5A917 /* BRSDKHelper.m in Sources */,
				276E751D1F3BA60100D5A917 /* BRMessageViewController.m in Sources */,
				27E9A2301F3B84F4001937A0 /* BRAvatarView.m in Sources */,
				276E75AD1F4365EA00D5A917 /* BRMediaBrowserViewController.m in Sources */,
				E90A1CFC1F42AA85001033CB /* BRUserImageViewController.m in Sources */,
				E90A1CDE1F42AA76001033CB /* BRContactListTableViewCell.m in Sources */,
				276E75221F3CD44C00D5A917 /* BRMessageModel.m in Sources */,
				276E752C1F3CDE2C00D5A917 /* BRBubbleView+Text.m in Sources */,
				276E75141F3B9C5200D5A917 /* BRConvertToCommonEmoticonsHelper.m in Sources */,
				E90A1CE01F42AA76001033CB /* BRFriendInfoViewController.m in Sources */,
				E90A1CDB1F42AA76001033CB /* BRContactListViewController.m in Sources */,
				276E753E1F3CE5D600D5A917 /* BRBaseMessageCell.m in Sources */,
				276E75351F3CE0B700D5A917 /* BRBubbleView+Voice.m in Sources */,
				276E75581F3E22DB00D5A917 /* BRTextView.m in Sources */,
				276E75321F3CDF7D00D5A917 /* BRBubbleView+Location.m in Sources */,
				276E75111F3B9A6F00D5A917 /* BREmotionEscape.m in Sources */,
				E90A1D011F42AA85001033CB /* BRWhatsUpViewController.m in Sources */,
				276E75701F3E2C4D00D5A917 /* BRVoiceConverter.mm in Sources */,
				276E756D1F3E2B8700D5A917 /* BRAudioRecorderUtil.m in Sources */,
				276E75621F3E282200D5A917 /* BRCDDeviceManagerBase.m in Sources */,
				276E759D1F3F4E5600D5A917 /* BRMessageReadManager.m in Sources */,
				276E75781F3E2D7600D5A917 /* amrFileCodec.mm in Sources */,
				27E9A2341F3B84F4001937A0 /* NSString+Helper.m in Sources */,
				276E75B31F4379CD00D5A917 /* BRMedia.m in Sources */,
				276E759A1F3E5C8E00D5A917 /* BRMessageTimeCell.m in Sources */,
				E90A1CDD1F42AA76001033CB /* BRContactListModel.m in Sources */,
				27E9A2371F3B84F4001937A0 /* BRRefreshTableViewController.m in Sources */,
				E90A1CFF1F42AA85001033CB /* BRUserNameTextViewController.m in Sources */,
				276E75521F3E05DA00D5A917 /* BRFacialView.m in Sources */,
				276E75281F3CDC3C00D5A917 /* BRBubbleView.m in Sources */,
				27E9A2321F3B84F4001937A0 /* NSDate+Category.m in Sources */,
				276E75821F3E2F7900D5A917 /* BRCDDeviceManager+Microphone.m in Sources */,
				276E75881F3E307200D5A917 /* BRChatBarMoreView.m in Sources */,
				27E9A23E1F3B8BE3001937A0 /* AppDelegate.m in Sources */,
				27CA03B11F38F21600D0F132 /* main.m in Sources */,
				27E9A22E1F3B84F4001937A0 /* BRConversationListViewController.m in Sources */,
				276E75171F3B9FCF00D5A917 /* BREmoji.m in Sources */,
				276E754F1F3D0F5000D5A917 /* BREmotionManager.m in Sources */,
				276E758B1F3E321100D5A917 /* BRChatToolbarItem.m in Sources */,
				E90A1CF81F42AA85001033CB /* BRLocationListViewController.m in Sources */,
				27E9A2381F3B84F4001937A0 /* BRTabBarController.m in Sources */,
				276E75411F3CED4F00D5A917 /* BRCustomMessageCell.m in Sources */,
				276E75651F3E292A00D5A917 /* BRCDDeviceManager+Media.m in Sources */,
				27E9A2311F3B84F4001937A0 /* BRConversationCell.m in Sources */,
				276E752F1F3CDF0500D5A917 /* BRBubbleView+Image.m in Sources */,
				276E75A81F4227AD00D5A917 /* Common.m in Sources */,
				276E75791F3E2D7600D5A917 /* wav.mm in Sources */,
				276E75681F3E2A2E00D5A917 /* BRAudioPlayerUtil.m in Sources */,
				27E9A2361F3B84F4001937A0 /* BRNavigationController.m in Sources */,
				276E75B71F43A44300D5A917 /* BRMediaCell.m in Sources */,
				276E75441F3CEE2F00D5A917 /* BRBubbleView+Gif.m in Sources */,
				276E753B1F3CE1E300D5A917 /* BRBubbleView+File.m in Sources */,
				276E75251F3CDA6B00D5A917 /* BRMessageCell.m in Sources */,
			);
			runOnlyForDeploymentPostprocessing = 0;
		};
		27CA03C11F38F21600D0F132 /* Sources */ = {
			isa = PBXSourcesBuildPhase;
			buildActionMask = 2147483647;
			files = (
				27CA03CA1F38F21600D0F132 /* LinCTests.m in Sources */,
			);
			runOnlyForDeploymentPostprocessing = 0;
		};
		27CA03CC1F38F21600D0F132 /* Sources */ = {
			isa = PBXSourcesBuildPhase;
			buildActionMask = 2147483647;
			files = (
				27CA03D51F38F21600D0F132 /* LinCUITests.m in Sources */,
			);
			runOnlyForDeploymentPostprocessing = 0;
		};
/* End PBXSourcesBuildPhase section */

/* Begin PBXTargetDependency section */
		27CA03C71F38F21600D0F132 /* PBXTargetDependency */ = {
			isa = PBXTargetDependency;
			target = 27CA03AB1F38F21600D0F132 /* LinC */;
			targetProxy = 27CA03C61F38F21600D0F132 /* PBXContainerItemProxy */;
		};
		27CA03D21F38F21600D0F132 /* PBXTargetDependency */ = {
			isa = PBXTargetDependency;
			target = 27CA03AB1F38F21600D0F132 /* LinC */;
			targetProxy = 27CA03D11F38F21600D0F132 /* PBXContainerItemProxy */;
		};
/* End PBXTargetDependency section */

/* Begin XCBuildConfiguration section */
		27CA03D71F38F21600D0F132 /* Debug */ = {
			isa = XCBuildConfiguration;
			buildSettings = {
				ALWAYS_SEARCH_USER_PATHS = NO;
				CLANG_ANALYZER_NONNULL = YES;
				CLANG_ANALYZER_NUMBER_OBJECT_CONVERSION = YES_AGGRESSIVE;
				CLANG_CXX_LANGUAGE_STANDARD = "gnu++0x";
				CLANG_CXX_LIBRARY = "libc++";
				CLANG_ENABLE_MODULES = YES;
				CLANG_ENABLE_OBJC_ARC = YES;
				CLANG_WARN_BOOL_CONVERSION = YES;
				CLANG_WARN_CONSTANT_CONVERSION = YES;
				CLANG_WARN_DIRECT_OBJC_ISA_USAGE = YES_ERROR;
				CLANG_WARN_DOCUMENTATION_COMMENTS = YES;
				CLANG_WARN_EMPTY_BODY = YES;
				CLANG_WARN_ENUM_CONVERSION = YES;
				CLANG_WARN_INFINITE_RECURSION = YES;
				CLANG_WARN_INT_CONVERSION = YES;
				CLANG_WARN_OBJC_ROOT_CLASS = YES_ERROR;
				CLANG_WARN_SUSPICIOUS_MOVE = YES;
				CLANG_WARN_UNREACHABLE_CODE = YES;
				CLANG_WARN__DUPLICATE_METHOD_MATCH = YES;
				"CODE_SIGN_IDENTITY[sdk=iphoneos*]" = "iPhone Developer";
				COPY_PHASE_STRIP = NO;
				DEBUG_INFORMATION_FORMAT = dwarf;
				ENABLE_STRICT_OBJC_MSGSEND = YES;
				ENABLE_TESTABILITY = YES;
				GCC_C_LANGUAGE_STANDARD = gnu99;
				GCC_DYNAMIC_NO_PIC = NO;
				GCC_NO_COMMON_BLOCKS = YES;
				GCC_OPTIMIZATION_LEVEL = 0;
				GCC_PREPROCESSOR_DEFINITIONS = (
					"DEBUG=1",
					"$(inherited)",
				);
				GCC_WARN_64_TO_32_BIT_CONVERSION = YES;
				GCC_WARN_ABOUT_RETURN_TYPE = YES_ERROR;
				GCC_WARN_UNDECLARED_SELECTOR = YES;
				GCC_WARN_UNINITIALIZED_AUTOS = YES_AGGRESSIVE;
				GCC_WARN_UNUSED_FUNCTION = YES;
				GCC_WARN_UNUSED_VARIABLE = YES;
				IPHONEOS_DEPLOYMENT_TARGET = 10.3;
				MTL_ENABLE_DEBUG_INFO = YES;
				ONLY_ACTIVE_ARCH = YES;
				SDKROOT = iphoneos;
			};
			name = Debug;
		};
		27CA03D81F38F21600D0F132 /* Release */ = {
			isa = XCBuildConfiguration;
			buildSettings = {
				ALWAYS_SEARCH_USER_PATHS = NO;
				CLANG_ANALYZER_NONNULL = YES;
				CLANG_ANALYZER_NUMBER_OBJECT_CONVERSION = YES_AGGRESSIVE;
				CLANG_CXX_LANGUAGE_STANDARD = "gnu++0x";
				CLANG_CXX_LIBRARY = "libc++";
				CLANG_ENABLE_MODULES = YES;
				CLANG_ENABLE_OBJC_ARC = YES;
				CLANG_WARN_BOOL_CONVERSION = YES;
				CLANG_WARN_CONSTANT_CONVERSION = YES;
				CLANG_WARN_DIRECT_OBJC_ISA_USAGE = YES_ERROR;
				CLANG_WARN_DOCUMENTATION_COMMENTS = YES;
				CLANG_WARN_EMPTY_BODY = YES;
				CLANG_WARN_ENUM_CONVERSION = YES;
				CLANG_WARN_INFINITE_RECURSION = YES;
				CLANG_WARN_INT_CONVERSION = YES;
				CLANG_WARN_OBJC_ROOT_CLASS = YES_ERROR;
				CLANG_WARN_SUSPICIOUS_MOVE = YES;
				CLANG_WARN_UNREACHABLE_CODE = YES;
				CLANG_WARN__DUPLICATE_METHOD_MATCH = YES;
				"CODE_SIGN_IDENTITY[sdk=iphoneos*]" = "iPhone Developer";
				COPY_PHASE_STRIP = NO;
				DEBUG_INFORMATION_FORMAT = "dwarf-with-dsym";
				ENABLE_NS_ASSERTIONS = NO;
				ENABLE_STRICT_OBJC_MSGSEND = YES;
				GCC_C_LANGUAGE_STANDARD = gnu99;
				GCC_NO_COMMON_BLOCKS = YES;
				GCC_WARN_64_TO_32_BIT_CONVERSION = YES;
				GCC_WARN_ABOUT_RETURN_TYPE = YES_ERROR;
				GCC_WARN_UNDECLARED_SELECTOR = YES;
				GCC_WARN_UNINITIALIZED_AUTOS = YES_AGGRESSIVE;
				GCC_WARN_UNUSED_FUNCTION = YES;
				GCC_WARN_UNUSED_VARIABLE = YES;
				IPHONEOS_DEPLOYMENT_TARGET = 10.3;
				MTL_ENABLE_DEBUG_INFO = NO;
				SDKROOT = iphoneos;
				VALIDATE_PRODUCT = YES;
			};
			name = Release;
		};
		27CA03DA1F38F21600D0F132 /* Debug */ = {
			isa = XCBuildConfiguration;
			baseConfigurationReference = 7C9BD64024967E79CE634497 /* Pods-LinC.debug.xcconfig */;
			buildSettings = {
				ASSETCATALOG_COMPILER_APPICON_NAME = AppIcon;
				DEVELOPMENT_TEAM = AEKJ6LE54T;
				GCC_PRECOMPILE_PREFIX_HEADER = YES;
				GCC_PREFIX_HEADER = "$(SRCROOT)/LinC/Class/Other/LinC.pch";
				INFOPLIST_FILE = LinC/Info.plist;
				IPHONEOS_DEPLOYMENT_TARGET = 8.4;
				LD_RUNPATH_SEARCH_PATHS = "$(inherited) @executable_path/Frameworks";
				LIBRARY_SEARCH_PATHS = (
					"$(inherited)",
					"$(PROJECT_DIR)/LinC/Class/Other",
				);
				PRODUCT_BUNDLE_IDENTIFIER = com.BeyondRemarkable.LinC;
				PRODUCT_NAME = "$(TARGET_NAME)";
			};
			name = Debug;
		};
		27CA03DB1F38F21600D0F132 /* Release */ = {
			isa = XCBuildConfiguration;
			baseConfigurationReference = 94F6AAD2F8CDC6DB43F6386A /* Pods-LinC.release.xcconfig */;
			buildSettings = {
				ASSETCATALOG_COMPILER_APPICON_NAME = AppIcon;
				DEVELOPMENT_TEAM = AEKJ6LE54T;
				GCC_PRECOMPILE_PREFIX_HEADER = YES;
				GCC_PREFIX_HEADER = "$(SRCROOT)/LinC/Class/Other/LinC.pch";
				INFOPLIST_FILE = LinC/Info.plist;
				IPHONEOS_DEPLOYMENT_TARGET = 8.4;
				LD_RUNPATH_SEARCH_PATHS = "$(inherited) @executable_path/Frameworks";
				LIBRARY_SEARCH_PATHS = (
					"$(inherited)",
					"$(PROJECT_DIR)/LinC/Class/Other",
				);
				PRODUCT_BUNDLE_IDENTIFIER = com.BeyondRemarkable.LinC;
				PRODUCT_NAME = "$(TARGET_NAME)";
			};
			name = Release;
		};
		27CA03DD1F38F21600D0F132 /* Debug */ = {
			isa = XCBuildConfiguration;
			buildSettings = {
				BUNDLE_LOADER = "$(TEST_HOST)";
				DEVELOPMENT_TEAM = M4YWTY9R92;
				INFOPLIST_FILE = LinCTests/Info.plist;
				LD_RUNPATH_SEARCH_PATHS = "$(inherited) @executable_path/Frameworks @loader_path/Frameworks";
				PRODUCT_BUNDLE_IDENTIFIER = com.BeyondRemarkable.LinCTests;
				PRODUCT_NAME = "$(TARGET_NAME)";
				TEST_HOST = "$(BUILT_PRODUCTS_DIR)/LinC.app/LinC";
			};
			name = Debug;
		};
		27CA03DE1F38F21600D0F132 /* Release */ = {
			isa = XCBuildConfiguration;
			buildSettings = {
				BUNDLE_LOADER = "$(TEST_HOST)";
				DEVELOPMENT_TEAM = M4YWTY9R92;
				INFOPLIST_FILE = LinCTests/Info.plist;
				LD_RUNPATH_SEARCH_PATHS = "$(inherited) @executable_path/Frameworks @loader_path/Frameworks";
				PRODUCT_BUNDLE_IDENTIFIER = com.BeyondRemarkable.LinCTests;
				PRODUCT_NAME = "$(TARGET_NAME)";
				TEST_HOST = "$(BUILT_PRODUCTS_DIR)/LinC.app/LinC";
			};
			name = Release;
		};
		27CA03E01F38F21600D0F132 /* Debug */ = {
			isa = XCBuildConfiguration;
			buildSettings = {
				DEVELOPMENT_TEAM = M4YWTY9R92;
				INFOPLIST_FILE = LinCUITests/Info.plist;
				LD_RUNPATH_SEARCH_PATHS = "$(inherited) @executable_path/Frameworks @loader_path/Frameworks";
				PRODUCT_BUNDLE_IDENTIFIER = com.BeyondRemarkable.LinCUITests;
				PRODUCT_NAME = "$(TARGET_NAME)";
				TEST_TARGET_NAME = LinC;
			};
			name = Debug;
		};
		27CA03E11F38F21600D0F132 /* Release */ = {
			isa = XCBuildConfiguration;
			buildSettings = {
				DEVELOPMENT_TEAM = M4YWTY9R92;
				INFOPLIST_FILE = LinCUITests/Info.plist;
				LD_RUNPATH_SEARCH_PATHS = "$(inherited) @executable_path/Frameworks @loader_path/Frameworks";
				PRODUCT_BUNDLE_IDENTIFIER = com.BeyondRemarkable.LinCUITests;
				PRODUCT_NAME = "$(TARGET_NAME)";
				TEST_TARGET_NAME = LinC;
			};
			name = Release;
		};
/* End XCBuildConfiguration section */

/* Begin XCConfigurationList section */
		27CA03A71F38F21600D0F132 /* Build configuration list for PBXProject "LinC" */ = {
			isa = XCConfigurationList;
			buildConfigurations = (
				27CA03D71F38F21600D0F132 /* Debug */,
				27CA03D81F38F21600D0F132 /* Release */,
			);
			defaultConfigurationIsVisible = 0;
			defaultConfigurationName = Release;
		};
		27CA03D91F38F21600D0F132 /* Build configuration list for PBXNativeTarget "LinC" */ = {
			isa = XCConfigurationList;
			buildConfigurations = (
				27CA03DA1F38F21600D0F132 /* Debug */,
				27CA03DB1F38F21600D0F132 /* Release */,
			);
			defaultConfigurationIsVisible = 0;
			defaultConfigurationName = Release;
		};
		27CA03DC1F38F21600D0F132 /* Build configuration list for PBXNativeTarget "LinCTests" */ = {
			isa = XCConfigurationList;
			buildConfigurations = (
				27CA03DD1F38F21600D0F132 /* Debug */,
				27CA03DE1F38F21600D0F132 /* Release */,
			);
			defaultConfigurationIsVisible = 0;
			defaultConfigurationName = Release;
		};
		27CA03DF1F38F21600D0F132 /* Build configuration list for PBXNativeTarget "LinCUITests" */ = {
			isa = XCConfigurationList;
			buildConfigurations = (
				27CA03E01F38F21600D0F132 /* Debug */,
				27CA03E11F38F21600D0F132 /* Release */,
			);
			defaultConfigurationIsVisible = 0;
			defaultConfigurationName = Release;
		};
/* End XCConfigurationList section */
	};
	rootObject = 27CA03A41F38F21600D0F132 /* Project object */;
}
